// !$*UTF8*$!
{
	archiveVersion = 1;
	classes = {
	};
	objectVersion = 46;
	objects = {

/* Begin PBXBuildFile section */
		1D046C52193FD0CF0088FE02 /* NewsFeedViewController.m in Sources */ = {isa = PBXBuildFile; fileRef = 1D046C50193FD0CF0088FE02 /* NewsFeedViewController.m */; };
		1D046C53193FD0CF0088FE02 /* NewsFeedViewController.xib in Resources */ = {isa = PBXBuildFile; fileRef = 1D046C51193FD0CF0088FE02 /* NewsFeedViewController.xib */; };
		1D046C57193FE5F40088FE02 /* RequestsViewController.m in Sources */ = {isa = PBXBuildFile; fileRef = 1D046C55193FE5F40088FE02 /* RequestsViewController.m */; };
		1D046C58193FE5F40088FE02 /* RequestsViewController.xib in Resources */ = {isa = PBXBuildFile; fileRef = 1D046C56193FE5F40088FE02 /* RequestsViewController.xib */; };
		1D48307819458F1C00FF2467 /* PostViewController.m in Sources */ = {isa = PBXBuildFile; fileRef = 1D48307619458F1C00FF2467 /* PostViewController.m */; };
		1D48307919458F1C00FF2467 /* PostViewController.xib in Resources */ = {isa = PBXBuildFile; fileRef = 1D48307719458F1C00FF2467 /* PostViewController.xib */; };
		1DDF922C193F010E005D18C4 /* Foundation.framework in Frameworks */ = {isa = PBXBuildFile; fileRef = 1DDF922B193F010E005D18C4 /* Foundation.framework */; };
		1DDF922E193F010E005D18C4 /* CoreGraphics.framework in Frameworks */ = {isa = PBXBuildFile; fileRef = 1DDF922D193F010E005D18C4 /* CoreGraphics.framework */; };
		1DDF9230193F010E005D18C4 /* UIKit.framework in Frameworks */ = {isa = PBXBuildFile; fileRef = 1DDF922F193F010E005D18C4 /* UIKit.framework */; };
		1DDF9236193F010E005D18C4 /* InfoPlist.strings in Resources */ = {isa = PBXBuildFile; fileRef = 1DDF9234193F010E005D18C4 /* InfoPlist.strings */; };
		1DDF9238193F010E005D18C4 /* main.m in Sources */ = {isa = PBXBuildFile; fileRef = 1DDF9237193F010E005D18C4 /* main.m */; };
		1DDF923C193F010E005D18C4 /* AppDelegate.m in Sources */ = {isa = PBXBuildFile; fileRef = 1DDF923B193F010E005D18C4 /* AppDelegate.m */; };
		1DDF923E193F010E005D18C4 /* Images.xcassets in Resources */ = {isa = PBXBuildFile; fileRef = 1DDF923D193F010E005D18C4 /* Images.xcassets */; };
		1DDF9245193F010E005D18C4 /* XCTest.framework in Frameworks */ = {isa = PBXBuildFile; fileRef = 1DDF9244193F010E005D18C4 /* XCTest.framework */; };
		1DDF9246193F010E005D18C4 /* Foundation.framework in Frameworks */ = {isa = PBXBuildFile; fileRef = 1DDF922B193F010E005D18C4 /* Foundation.framework */; };
		1DDF9247193F010E005D18C4 /* UIKit.framework in Frameworks */ = {isa = PBXBuildFile; fileRef = 1DDF922F193F010E005D18C4 /* UIKit.framework */; };
		1DDF924F193F010E005D18C4 /* InfoPlist.strings in Resources */ = {isa = PBXBuildFile; fileRef = 1DDF924D193F010E005D18C4 /* InfoPlist.strings */; };
		1DDF9251193F010E005D18C4 /* bookfaceTests.m in Sources */ = {isa = PBXBuildFile; fileRef = 1DDF9250193F010E005D18C4 /* bookfaceTests.m */; };
/* End PBXBuildFile section */

/* Begin PBXContainerItemProxy section */
		1DDF9248193F010E005D18C4 /* PBXContainerItemProxy */ = {
			isa = PBXContainerItemProxy;
			containerPortal = 1DDF9220193F010E005D18C4 /* Project object */;
			proxyType = 1;
			remoteGlobalIDString = 1DDF9227193F010E005D18C4;
			remoteInfo = bookface;
		};
/* End PBXContainerItemProxy section */

/* Begin PBXFileReference section */
		1D046C4F193FD0CF0088FE02 /* NewsFeedViewController.h */ = {isa = PBXFileReference; fileEncoding = 4; lastKnownFileType = sourcecode.c.h; path = NewsFeedViewController.h; sourceTree = "<group>"; };
		1D046C50193FD0CF0088FE02 /* NewsFeedViewController.m */ = {isa = PBXFileReference; fileEncoding = 4; lastKnownFileType = sourcecode.c.objc; path = NewsFeedViewController.m; sourceTree = "<group>"; };
		1D046C51193FD0CF0088FE02 /* NewsFeedViewController.xib */ = {isa = PBXFileReference; fileEncoding = 4; lastKnownFileType = file.xib; path = NewsFeedViewController.xib; sourceTree = "<group>"; };
		1D046C54193FE5F40088FE02 /* RequestsViewController.h */ = {isa = PBXFileReference; fileEncoding = 4; lastKnownFileType = sourcecode.c.h; path = RequestsViewController.h; sourceTree = "<group>"; };
		1D046C55193FE5F40088FE02 /* RequestsViewController.m */ = {isa = PBXFileReference; fileEncoding = 4; lastKnownFileType = sourcecode.c.objc; path = RequestsViewController.m; sourceTree = "<group>"; };
		1D046C56193FE5F40088FE02 /* RequestsViewController.xib */ = {isa = PBXFileReference; fileEncoding = 4; lastKnownFileType = file.xib; path = RequestsViewController.xib; sourceTree = "<group>"; };
		1D48307519458F1C00FF2467 /* PostViewController.h */ = {isa = PBXFileReference; fileEncoding = 4; lastKnownFileType = sourcecode.c.h; path = PostViewController.h; sourceTree = "<group>"; };
		1D48307619458F1C00FF2467 /* PostViewController.m */ = {isa = PBXFileReference; fileEncoding = 4; lastKnownFileType = sourcecode.c.objc; path = PostViewController.m; sourceTree = "<group>"; };
		1D48307719458F1C00FF2467 /* PostViewController.xib */ = {isa = PBXFileReference; fileEncoding = 4; lastKnownFileType = file.xib; path = PostViewController.xib; sourceTree = "<group>"; };
		1DDF9228193F010E005D18C4 /* bookface.app */ = {isa = PBXFileReference; explicitFileType = wrapper.application; includeInIndex = 0; path = bookface.app; sourceTree = BUILT_PRODUCTS_DIR; };
		1DDF922B193F010E005D18C4 /* Foundation.framework */ = {isa = PBXFileReference; lastKnownFileType = wrapper.framework; name = Foundation.framework; path = System/Library/Frameworks/Foundation.framework; sourceTree = SDKROOT; };
		1DDF922D193F010E005D18C4 /* CoreGraphics.framework */ = {isa = PBXFileReference; lastKnownFileType = wrapper.framework; name = CoreGraphics.framework; path = System/Library/Frameworks/CoreGraphics.framework; sourceTree = SDKROOT; };
		1DDF922F193F010E005D18C4 /* UIKit.framework */ = {isa = PBXFileReference; lastKnownFileType = wrapper.framework; name = UIKit.framework; path = System/Library/Frameworks/UIKit.framework; sourceTree = SDKROOT; };
		1DDF9233193F010E005D18C4 /* bookface-Info.plist */ = {isa = PBXFileReference; lastKnownFileType = text.plist.xml; path = "bookface-Info.plist"; sourceTree = "<group>"; };
		1DDF9235193F010E005D18C4 /* en */ = {isa = PBXFileReference; lastKnownFileType = text.plist.strings; name = en; path = en.lproj/InfoPlist.strings; sourceTree = "<group>"; };
		1DDF9237193F010E005D18C4 /* main.m */ = {isa = PBXFileReference; lastKnownFileType = sourcecode.c.objc; path = main.m; sourceTree = "<group>"; };
		1DDF9239193F010E005D18C4 /* bookface-Prefix.pch */ = {isa = PBXFileReference; lastKnownFileType = sourcecode.c.h; path = "bookface-Prefix.pch"; sourceTree = "<group>"; };
		1DDF923A193F010E005D18C4 /* AppDelegate.h */ = {isa = PBXFileReference; lastKnownFileType = sourcecode.c.h; path = AppDelegate.h; sourceTree = "<group>"; };
		1DDF923B193F010E005D18C4 /* AppDelegate.m */ = {isa = PBXFileReference; lastKnownFileType = sourcecode.c.objc; path = AppDelegate.m; sourceTree = "<group>"; };
		1DDF923D193F010E005D18C4 /* Images.xcassets */ = {isa = PBXFileReference; lastKnownFileType = folder.assetcatalog; path = Images.xcassets; sourceTree = "<group>"; };
		1DDF9243193F010E005D18C4 /* bookfaceTests.xctest */ = {isa = PBXFileReference; explicitFileType = wrapper.cfbundle; includeInIndex = 0; path = bookfaceTests.xctest; sourceTree = BUILT_PRODUCTS_DIR; };
		1DDF9244193F010E005D18C4 /* XCTest.framework */ = {isa = PBXFileReference; lastKnownFileType = wrapper.framework; name = XCTest.framework; path = Library/Frameworks/XCTest.framework; sourceTree = DEVELOPER_DIR; };
		1DDF924C193F010E005D18C4 /* bookfaceTests-Info.plist */ = {isa = PBXFileReference; lastKnownFileType = text.plist.xml; path = "bookfaceTests-Info.plist"; sourceTree = "<group>"; };
		1DDF924E193F010E005D18C4 /* en */ = {isa = PBXFileReference; lastKnownFileType = text.plist.strings; name = en; path = en.lproj/InfoPlist.strings; sourceTree = "<group>"; };
		1DDF9250193F010E005D18C4 /* bookfaceTests.m */ = {isa = PBXFileReference; lastKnownFileType = sourcecode.c.objc; path = bookfaceTests.m; sourceTree = "<group>"; };
/* End PBXFileReference section */

/* Begin PBXFrameworksBuildPhase section */
		1DDF9225193F010E005D18C4 /* Frameworks */ = {
			isa = PBXFrameworksBuildPhase;
			buildActionMask = 2147483647;
			files = (
				1DDF922E193F010E005D18C4 /* CoreGraphics.framework in Frameworks */,
				1DDF9230193F010E005D18C4 /* UIKit.framework in Frameworks */,
				1DDF922C193F010E005D18C4 /* Foundation.framework in Frameworks */,
			);
			runOnlyForDeploymentPostprocessing = 0;
		};
		1DDF9240193F010E005D18C4 /* Frameworks */ = {
			isa = PBXFrameworksBuildPhase;
			buildActionMask = 2147483647;
			files = (
				1DDF9245193F010E005D18C4 /* XCTest.framework in Frameworks */,
				1DDF9247193F010E005D18C4 /* UIKit.framework in Frameworks */,
				1DDF9246193F010E005D18C4 /* Foundation.framework in Frameworks */,
			);
			runOnlyForDeploymentPostprocessing = 0;
		};
/* End PBXFrameworksBuildPhase section */

/* Begin PBXGroup section */
		1DDF921F193F010E005D18C4 = {
			isa = PBXGroup;
			children = (
				1DDF9231193F010E005D18C4 /* bookface */,
				1DDF924A193F010E005D18C4 /* bookfaceTests */,
				1DDF922A193F010E005D18C4 /* Frameworks */,
				1DDF9229193F010E005D18C4 /* Products */,
			);
			sourceTree = "<group>";
		};
		1DDF9229193F010E005D18C4 /* Products */ = {
			isa = PBXGroup;
			children = (
				1DDF9228193F010E005D18C4 /* bookface.app */,
				1DDF9243193F010E005D18C4 /* bookfaceTests.xctest */,
			);
			name = Products;
			sourceTree = "<group>";
		};
		1DDF922A193F010E005D18C4 /* Frameworks */ = {
			isa = PBXGroup;
			children = (
				1DDF922B193F010E005D18C4 /* Foundation.framework */,
				1DDF922D193F010E005D18C4 /* CoreGraphics.framework */,
				1DDF922F193F010E005D18C4 /* UIKit.framework */,
				1DDF9244193F010E005D18C4 /* XCTest.framework */,
			);
			name = Frameworks;
			sourceTree = "<group>";
		};
		1DDF9231193F010E005D18C4 /* bookface */ = {
			isa = PBXGroup;
			children = (
				1DDF923A193F010E005D18C4 /* AppDelegate.h */,
				1DDF923B193F010E005D18C4 /* AppDelegate.m */,
				1DDF923D193F010E005D18C4 /* Images.xcassets */,
				1DDF9232193F010E005D18C4 /* Supporting Files */,
				1D046C4F193FD0CF0088FE02 /* NewsFeedViewController.h */,
				1D046C50193FD0CF0088FE02 /* NewsFeedViewController.m */,
				1D046C51193FD0CF0088FE02 /* NewsFeedViewController.xib */,
				1D046C54193FE5F40088FE02 /* RequestsViewController.h */,
				1D046C55193FE5F40088FE02 /* RequestsViewController.m */,
				1D046C56193FE5F40088FE02 /* RequestsViewController.xib */,
				1D48307519458F1C00FF2467 /* PostViewController.h */,
				1D48307619458F1C00FF2467 /* PostViewController.m */,
				1D48307719458F1C00FF2467 /* PostViewController.xib */,
			);
			path = bookface;
			sourceTree = "<group>";
		};
		1DDF9232193F010E005D18C4 /* Supporting Files */ = {
			isa = PBXGroup;
			children = (
				1DDF9233193F010E005D18C4 /* bookface-Info.plist */,
				1DDF9234193F010E005D18C4 /* InfoPlist.strings */,
				1DDF9237193F010E005D18C4 /* main.m */,
				1DDF9239193F010E005D18C4 /* bookface-Prefix.pch */,
			);
			name = "Supporting Files";
			sourceTree = "<group>";
		};
		1DDF924A193F010E005D18C4 /* bookfaceTests */ = {
			isa = PBXGroup;
			children = (
				1DDF9250193F010E005D18C4 /* bookfaceTests.m */,
				1DDF924B193F010E005D18C4 /* Supporting Files */,
			);
			path = bookfaceTests;
			sourceTree = "<group>";
		};
		1DDF924B193F010E005D18C4 /* Supporting Files */ = {
			isa = PBXGroup;
			children = (
				1DDF924C193F010E005D18C4 /* bookfaceTests-Info.plist */,
				1DDF924D193F010E005D18C4 /* InfoPlist.strings */,
			);
			name = "Supporting Files";
			sourceTree = "<group>";
		};
/* End PBXGroup section */

/* Begin PBXNativeTarget section */
		1DDF9227193F010E005D18C4 /* bookface */ = {
			isa = PBXNativeTarget;
			buildConfigurationList = 1DDF9254193F010E005D18C4 /* Build configuration list for PBXNativeTarget "bookface" */;
			buildPhases = (
				1DDF9224193F010E005D18C4 /* Sources */,
				1DDF9225193F010E005D18C4 /* Frameworks */,
				1DDF9226193F010E005D18C4 /* Resources */,
			);
			buildRules = (
			);
			dependencies = (
			);
			name = bookface;
			productName = bookface;
			productReference = 1DDF9228193F010E005D18C4 /* bookface.app */;
			productType = "com.apple.product-type.application";
		};
		1DDF9242193F010E005D18C4 /* bookfaceTests */ = {
			isa = PBXNativeTarget;
			buildConfigurationList = 1DDF9257193F010E005D18C4 /* Build configuration list for PBXNativeTarget "bookfaceTests" */;
			buildPhases = (
				1DDF923F193F010E005D18C4 /* Sources */,
				1DDF9240193F010E005D18C4 /* Frameworks */,
				1DDF9241193F010E005D18C4 /* Resources */,
			);
			buildRules = (
			);
			dependencies = (
				1DDF9249193F010E005D18C4 /* PBXTargetDependency */,
			);
			name = bookfaceTests;
			productName = bookfaceTests;
			productReference = 1DDF9243193F010E005D18C4 /* bookfaceTests.xctest */;
			productType = "com.apple.product-type.bundle.unit-test";
		};
/* End PBXNativeTarget section */

/* Begin PBXProject section */
		1DDF9220193F010E005D18C4 /* Project object */ = {
			isa = PBXProject;
			attributes = {
				LastUpgradeCheck = 0510;
				ORGANIZATIONNAME = "Brian Kobashikawa";
				TargetAttributes = {
					1DDF9242193F010E005D18C4 = {
						TestTargetID = 1DDF9227193F010E005D18C4;
					};
				};
			};
			buildConfigurationList = 1DDF9223193F010E005D18C4 /* Build configuration list for PBXProject "bookface" */;
			compatibilityVersion = "Xcode 3.2";
			developmentRegion = English;
			hasScannedForEncodings = 0;
			knownRegions = (
				en,
			);
			mainGroup = 1DDF921F193F010E005D18C4;
			productRefGroup = 1DDF9229193F010E005D18C4 /* Products */;
			projectDirPath = "";
			projectRoot = "";
			targets = (
				1DDF9227193F010E005D18C4 /* bookface */,
				1DDF9242193F010E005D18C4 /* bookfaceTests */,
			);
		};
/* End PBXProject section */

/* Begin PBXResourcesBuildPhase section */
		1DDF9226193F010E005D18C4 /* Resources */ = {
			isa = PBXResourcesBuildPhase;
			buildActionMask = 2147483647;
			files = (
				1DDF9236193F010E005D18C4 /* InfoPlist.strings in Resources */,
				1D48307919458F1C00FF2467 /* PostViewController.xib in Resources */,
				1DDF923E193F010E005D18C4 /* Images.xcassets in Resources */,
				1D046C53193FD0CF0088FE02 /* NewsFeedViewController.xib in Resources */,
				1D046C58193FE5F40088FE02 /* RequestsViewController.xib in Resources */,
			);
			runOnlyForDeploymentPostprocessing = 0;
		};
		1DDF9241193F010E005D18C4 /* Resources */ = {
			isa = PBXResourcesBuildPhase;
			buildActionMask = 2147483647;
			files = (
				1DDF924F193F010E005D18C4 /* InfoPlist.strings in Resources */,
			);
			runOnlyForDeploymentPostprocessing = 0;
		};
/* End PBXResourcesBuildPhase section */

/* Begin PBXSourcesBuildPhase section */
		1DDF9224193F010E005D18C4 /* Sources */ = {
			isa = PBXSourcesBuildPhase;
			buildActionMask = 2147483647;
			files = (
				1D046C57193FE5F40088FE02 /* RequestsViewController.m in Sources */,
				1DDF923C193F010E005D18C4 /* AppDelegate.m in Sources */,
				1D48307819458F1C00FF2467 /* PostViewController.m in Sources */,
				1DDF9238193F010E005D18C4 /* main.m in Sources */,
				1D046C52193FD0CF0088FE02 /* NewsFeedViewController.m in Sources */,
			);
			runOnlyForDeploymentPostprocessing = 0;
		};
		1DDF923F193F010E005D18C4 /* Sources */ = {
			isa = PBXSourcesBuildPhase;
			buildActionMask = 2147483647;
			files = (
				1DDF9251193F010E005D18C4 /* bookfaceTests.m in Sources */,
			);
			runOnlyForDeploymentPostprocessing = 0;
		};
/* End PBXSourcesBuildPhase section */

/* Begin PBXTargetDependency section */
		1DDF9249193F010E005D18C4 /* PBXTargetDependency */ = {
			isa = PBXTargetDependency;
			target = 1DDF9227193F010E005D18C4 /* bookface */;
			targetProxy = 1DDF9248193F010E005D18C4 /* PBXContainerItemProxy */;
		};
/* End PBXTargetDependency section */

/* Begin PBXVariantGroup section */
		1DDF9234193F010E005D18C4 /* InfoPlist.strings */ = {
			isa = PBXVariantGroup;
			children = (
				1DDF9235193F010E005D18C4 /* en */,
			);
			name = InfoPlist.strings;
			sourceTree = "<group>";
		};
		1DDF924D193F010E005D18C4 /* InfoPlist.strings */ = {
			isa = PBXVariantGroup;
			children = (
				1DDF924E193F010E005D18C4 /* en */,
			);
			name = InfoPlist.strings;
			sourceTree = "<group>";
		};
/* End PBXVariantGroup section */

/* Begin XCBuildConfiguration section */
		1DDF9252193F010E005D18C4 /* Debug */ = {
			isa = XCBuildConfiguration;
			buildSettings = {
				ALWAYS_SEARCH_USER_PATHS = NO;
				CLANG_CXX_LANGUAGE_STANDARD = "gnu++0x";
				CLANG_CXX_LIBRARY = "libc++";
				CLANG_ENABLE_MODULES = YES;
				CLANG_ENABLE_OBJC_ARC = YES;
				CLANG_WARN_BOOL_CONVERSION = YES;
				CLANG_WARN_CONSTANT_CONVERSION = YES;
				CLANG_WARN_DIRECT_OBJC_ISA_USAGE = YES_ERROR;
				CLANG_WARN_EMPTY_BODY = YES;
				CLANG_WARN_ENUM_CONVERSION = YES;
				CLANG_WARN_INT_CONVERSION = YES;
				CLANG_WARN_OBJC_ROOT_CLASS = YES_ERROR;
				CLANG_WARN__DUPLICATE_METHOD_MATCH = YES;
				"CODE_SIGN_IDENTITY[sdk=iphoneos*]" = "iPhone Developer";
				COPY_PHASE_STRIP = NO;
				GCC_C_LANGUAGE_STANDARD = gnu99;
				GCC_DYNAMIC_NO_PIC = NO;
				GCC_OPTIMIZATION_LEVEL = 0;
				GCC_PREPROCESSOR_DEFINITIONS = (
					"DEBUG=1",
					"$(inherited)",
				);
				GCC_SYMBOLS_PRIVATE_EXTERN = NO;
				GCC_WARN_64_TO_32_BIT_CONVERSION = YES;
				GCC_WARN_ABOUT_RETURN_TYPE = YES_ERROR;
				GCC_WARN_UNDECLARED_SELECTOR = YES;
				GCC_WARN_UNINITIALIZED_AUTOS = YES_AGGRESSIVE;
				GCC_WARN_UNUSED_FUNCTION = YES;
				GCC_WARN_UNUSED_VARIABLE = YES;
				IPHONEOS_DEPLOYMENT_TARGET = 7.1;
				ONLY_ACTIVE_ARCH = YES;
				SDKROOT = iphoneos;
			};
			name = Debug;
		};
		1DDF9253193F010E005D18C4 /* Release */ = {
			isa = XCBuildConfiguration;
			buildSettings = {
				ALWAYS_SEARCH_USER_PATHS = NO;
				CLANG_CXX_LANGUAGE_STANDARD = "gnu++0x";
				CLANG_CXX_LIBRARY = "libc++";
				CLANG_ENABLE_MODULES = YES;
				CLANG_ENABLE_OBJC_ARC = YES;
				CLANG_WARN_BOOL_CONVERSION = YES;
				CLANG_WARN_CONSTANT_CONVERSION = YES;
				CLANG_WARN_DIRECT_OBJC_ISA_USAGE = YES_ERROR;
				CLANG_WARN_EMPTY_BODY = YES;
				CLANG_WARN_ENUM_CONVERSION = YES;
				CLANG_WARN_INT_CONVERSION = YES;
				CLANG_WARN_OBJC_ROOT_CLASS = YES_ERROR;
				CLANG_WARN__DUPLICATE_METHOD_MATCH = YES;
				"CODE_SIGN_IDENTITY[sdk=iphoneos*]" = "iPhone Developer";
				COPY_PHASE_STRIP = YES;
				ENABLE_NS_ASSERTIONS = NO;
				GCC_C_LANGUAGE_STANDARD = gnu99;
				GCC_WARN_64_TO_32_BIT_CONVERSION = YES;
				GCC_WARN_ABOUT_RETURN_TYPE = YES_ERROR;
				GCC_WARN_UNDECLARED_SELECTOR = YES;
				GCC_WARN_UNINITIALIZED_AUTOS = YES_AGGRESSIVE;
				GCC_WARN_UNUSED_FUNCTION = YES;
				GCC_WARN_UNUSED_VARIABLE = YES;
				IPHONEOS_DEPLOYMENT_TARGET = 7.1;
				SDKROOT = iphoneos;
				VALIDATE_PRODUCT = YES;
			};
			name = Release;
		};
		1DDF9255193F010E005D18C4 /* Debug */ = {
			isa = XCBuildConfiguration;
			buildSettings = {
				ASSETCATALOG_COMPILER_APPICON_NAME = AppIcon;
				ASSETCATALOG_COMPILER_LAUNCHIMAGE_NAME = LaunchImage;
				GCC_PRECOMPILE_PREFIX_HEADER = YES;
				GCC_PREFIX_HEADER = "bookface/bookface-Prefix.pch";
				INFOPLIST_FILE = "bookface/bookface-Info.plist";
				PRODUCT_NAME = "$(TARGET_NAME)";
				WRAPPER_EXTENSION = app;
			};
			name = Debug;
		};
		1DDF9256193F010E005D18C4 /* Release */ = {
			isa = XCBuildConfiguration;
			buildSettings = {
				ASSETCATALOG_COMPILER_APPICON_NAME = AppIcon;
				ASSETCATALOG_COMPILER_LAUNCHIMAGE_NAME = LaunchImage;
				GCC_PRECOMPILE_PREFIX_HEADER = YES;
				GCC_PREFIX_HEADER = "bookface/bookface-Prefix.pch";
				INFOPLIST_FILE = "bookface/bookface-Info.plist";
				PRODUCT_NAME = "$(TARGET_NAME)";
				WRAPPER_EXTENSION = app;
			};
			name = Release;
		};
		1DDF9258193F010E005D18C4 /* Debug */ = {
			isa = XCBuildConfiguration;
			buildSettings = {
				BUNDLE_LOADER = "$(BUILT_PRODUCTS_DIR)/bookface.app/bookface";
				FRAMEWORK_SEARCH_PATHS = (
					"$(SDKROOT)/Developer/Library/Frameworks",
					"$(inherited)",
					"$(DEVELOPER_FRAMEWORKS_DIR)",
				);
				GCC_PRECOMPILE_PREFIX_HEADER = YES;
				GCC_PREFIX_HEADER = "bookface/bookface-Prefix.pch";
				GCC_PREPROCESSOR_DEFINITIONS = (
					"DEBUG=1",
					"$(inherited)",
				);
				INFOPLIST_FILE = "bookfaceTests/bookfaceTests-Info.plist";
				PRODUCT_NAME = "$(TARGET_NAME)";
				TEST_HOST = "$(BUNDLE_LOADER)";
				WRAPPER_EXTENSION = xctest;
			};
			name = Debug;
		};
		1DDF9259193F010E005D18C4 /* Release */ = {
			isa = XCBuildConfiguration;
			buildSettings = {
				BUNDLE_LOADER = "$(BUILT_PRODUCTS_DIR)/bookface.app/bookface";
				FRAMEWORK_SEARCH_PATHS = (
					"$(SDKROOT)/Developer/Library/Frameworks",
					"$(inherited)",
					"$(DEVELOPER_FRAMEWORKS_DIR)",
				);
				GCC_PRECOMPILE_PREFIX_HEADER = YES;
				GCC_PREFIX_HEADER = "bookface/bookface-Prefix.pch";
				INFOPLIST_FILE = "bookfaceTests/bookfaceTests-Info.plist";
				PRODUCT_NAME = "$(TARGET_NAME)";
				TEST_HOST = "$(BUNDLE_LOADER)";
				WRAPPER_EXTENSION = xctest;
			};
			name = Release;
		};
/* End XCBuildConfiguration section */

/* Begin XCConfigurationList section */
		1DDF9223193F010E005D18C4 /* Build configuration list for PBXProject "bookface" */ = {
			isa = XCConfigurationList;
			buildConfigurations = (
				1DDF9252193F010E005D18C4 /* Debug */,
				1DDF9253193F010E005D18C4 /* Release */,
			);
			defaultConfigurationIsVisible = 0;
			defaultConfigurationName = Release;
		};
		1DDF9254193F010E005D18C4 /* Build configuration list for PBXNativeTarget "bookface" */ = {
			isa = XCConfigurationList;
			buildConfigurations = (
				1DDF9255193F010E005D18C4 /* Debug */,
				1DDF9256193F010E005D18C4 /* Release */,
			);
			defaultConfigurationIsVisible = 0;
			defaultConfigurationName = Release;
		};
		1DDF9257193F010E005D18C4 /* Build configuration list for PBXNativeTarget "bookfaceTests" */ = {
			isa = XCConfigurationList;
			buildConfigurations = (
				1DDF9258193F010E005D18C4 /* Debug */,
				1DDF9259193F010E005D18C4 /* Release */,
			);
			defaultConfigurationIsVisible = 0;
			defaultConfigurationName = Release;
		};
/* End XCConfigurationList section */
	};
	rootObject = 1DDF9220193F010E005D18C4 /* Project object */;
}
