// !$*UTF8*$!
{
	archiveVersion = 1;
	classes = {
	};
	objectVersion = 46;
	objects = {

/* Begin PBXBuildFile section */
		1D9B70C0194ACD3100CDC61C /* Foundation.framework in Frameworks */ = {isa = PBXBuildFile; fileRef = 1D9B70BF194ACD3100CDC61C /* Foundation.framework */; };
		1D9B70C2194ACD3100CDC61C /* CoreGraphics.framework in Frameworks */ = {isa = PBXBuildFile; fileRef = 1D9B70C1194ACD3100CDC61C /* CoreGraphics.framework */; };
		1D9B70C4194ACD3100CDC61C /* UIKit.framework in Frameworks */ = {isa = PBXBuildFile; fileRef = 1D9B70C3194ACD3100CDC61C /* UIKit.framework */; };
		1D9B70CA194ACD3100CDC61C /* InfoPlist.strings in Resources */ = {isa = PBXBuildFile; fileRef = 1D9B70C8194ACD3100CDC61C /* InfoPlist.strings */; };
		1D9B70CC194ACD3100CDC61C /* main.m in Sources */ = {isa = PBXBuildFile; fileRef = 1D9B70CB194ACD3100CDC61C /* main.m */; };
		1D9B70D0194ACD3100CDC61C /* AppDelegate.m in Sources */ = {isa = PBXBuildFile; fileRef = 1D9B70CF194ACD3100CDC61C /* AppDelegate.m */; };
		1D9B70D2194ACD3100CDC61C /* Images.xcassets in Resources */ = {isa = PBXBuildFile; fileRef = 1D9B70D1194ACD3100CDC61C /* Images.xcassets */; };
		1D9B70D9194ACD3100CDC61C /* XCTest.framework in Frameworks */ = {isa = PBXBuildFile; fileRef = 1D9B70D8194ACD3100CDC61C /* XCTest.framework */; };
		1D9B70DA194ACD3100CDC61C /* Foundation.framework in Frameworks */ = {isa = PBXBuildFile; fileRef = 1D9B70BF194ACD3100CDC61C /* Foundation.framework */; };
		1D9B70DB194ACD3100CDC61C /* UIKit.framework in Frameworks */ = {isa = PBXBuildFile; fileRef = 1D9B70C3194ACD3100CDC61C /* UIKit.framework */; };
		1D9B70E3194ACD3100CDC61C /* InfoPlist.strings in Resources */ = {isa = PBXBuildFile; fileRef = 1D9B70E1194ACD3100CDC61C /* InfoPlist.strings */; };
		1D9B70E5194ACD3100CDC61C /* hw2_fbloginTests.m in Sources */ = {isa = PBXBuildFile; fileRef = 1D9B70E4194ACD3100CDC61C /* hw2_fbloginTests.m */; };
		1D9B70F1194ACE0100CDC61C /* LoginViewController.m in Sources */ = {isa = PBXBuildFile; fileRef = 1D9B70EF194ACE0100CDC61C /* LoginViewController.m */; };
		1D9B70F2194ACE0100CDC61C /* LoginViewController.xib in Resources */ = {isa = PBXBuildFile; fileRef = 1D9B70F0194ACE0100CDC61C /* LoginViewController.xib */; };
		1D9B70F6194AE69D00CDC61C /* NewsFeedViewController.m in Sources */ = {isa = PBXBuildFile; fileRef = 1D9B70F4194AE69D00CDC61C /* NewsFeedViewController.m */; };
		1D9B70F7194AE69D00CDC61C /* NewsFeedViewController.xib in Resources */ = {isa = PBXBuildFile; fileRef = 1D9B70F5194AE69D00CDC61C /* NewsFeedViewController.xib */; };
		1D9B70FB194AE85D00CDC61C /* RequestsViewController.m in Sources */ = {isa = PBXBuildFile; fileRef = 1D9B70F9194AE85D00CDC61C /* RequestsViewController.m */; };
		1D9B70FC194AE85D00CDC61C /* RequestsViewController.xib in Resources */ = {isa = PBXBuildFile; fileRef = 1D9B70FA194AE85D00CDC61C /* RequestsViewController.xib */; };
		1D9B7100194AEA7000CDC61C /* MoreViewController.m in Sources */ = {isa = PBXBuildFile; fileRef = 1D9B70FE194AEA7000CDC61C /* MoreViewController.m */; };
		1D9B7101194AEA7000CDC61C /* MoreViewController.xib in Resources */ = {isa = PBXBuildFile; fileRef = 1D9B70FF194AEA7000CDC61C /* MoreViewController.xib */; };
/* End PBXBuildFile section */

/* Begin PBXContainerItemProxy section */
		1D9B70DC194ACD3100CDC61C /* PBXContainerItemProxy */ = {
			isa = PBXContainerItemProxy;
			containerPortal = 1D9B70B4194ACD3100CDC61C /* Project object */;
			proxyType = 1;
			remoteGlobalIDString = 1D9B70BB194ACD3100CDC61C;
			remoteInfo = "hw2-fblogin";
		};
/* End PBXContainerItemProxy section */

/* Begin PBXFileReference section */
		1D9B70BC194ACD3100CDC61C /* hw2-fblogin.app */ = {isa = PBXFileReference; explicitFileType = wrapper.application; includeInIndex = 0; path = "hw2-fblogin.app"; sourceTree = BUILT_PRODUCTS_DIR; };
		1D9B70BF194ACD3100CDC61C /* Foundation.framework */ = {isa = PBXFileReference; lastKnownFileType = wrapper.framework; name = Foundation.framework; path = System/Library/Frameworks/Foundation.framework; sourceTree = SDKROOT; };
		1D9B70C1194ACD3100CDC61C /* CoreGraphics.framework */ = {isa = PBXFileReference; lastKnownFileType = wrapper.framework; name = CoreGraphics.framework; path = System/Library/Frameworks/CoreGraphics.framework; sourceTree = SDKROOT; };
		1D9B70C3194ACD3100CDC61C /* UIKit.framework */ = {isa = PBXFileReference; lastKnownFileType = wrapper.framework; name = UIKit.framework; path = System/Library/Frameworks/UIKit.framework; sourceTree = SDKROOT; };
		1D9B70C7194ACD3100CDC61C /* hw2-fblogin-Info.plist */ = {isa = PBXFileReference; lastKnownFileType = text.plist.xml; path = "hw2-fblogin-Info.plist"; sourceTree = "<group>"; };
		1D9B70C9194ACD3100CDC61C /* en */ = {isa = PBXFileReference; lastKnownFileType = text.plist.strings; name = en; path = en.lproj/InfoPlist.strings; sourceTree = "<group>"; };
		1D9B70CB194ACD3100CDC61C /* main.m */ = {isa = PBXFileReference; lastKnownFileType = sourcecode.c.objc; path = main.m; sourceTree = "<group>"; };
		1D9B70CD194ACD3100CDC61C /* hw2-fblogin-Prefix.pch */ = {isa = PBXFileReference; lastKnownFileType = sourcecode.c.h; path = "hw2-fblogin-Prefix.pch"; sourceTree = "<group>"; };
		1D9B70CE194ACD3100CDC61C /* AppDelegate.h */ = {isa = PBXFileReference; lastKnownFileType = sourcecode.c.h; path = AppDelegate.h; sourceTree = "<group>"; };
		1D9B70CF194ACD3100CDC61C /* AppDelegate.m */ = {isa = PBXFileReference; lastKnownFileType = sourcecode.c.objc; path = AppDelegate.m; sourceTree = "<group>"; };
		1D9B70D1194ACD3100CDC61C /* Images.xcassets */ = {isa = PBXFileReference; lastKnownFileType = folder.assetcatalog; path = Images.xcassets; sourceTree = "<group>"; };
		1D9B70D7194ACD3100CDC61C /* hw2-fbloginTests.xctest */ = {isa = PBXFileReference; explicitFileType = wrapper.cfbundle; includeInIndex = 0; path = "hw2-fbloginTests.xctest"; sourceTree = BUILT_PRODUCTS_DIR; };
		1D9B70D8194ACD3100CDC61C /* XCTest.framework */ = {isa = PBXFileReference; lastKnownFileType = wrapper.framework; name = XCTest.framework; path = Library/Frameworks/XCTest.framework; sourceTree = DEVELOPER_DIR; };
		1D9B70E0194ACD3100CDC61C /* hw2-fbloginTests-Info.plist */ = {isa = PBXFileReference; lastKnownFileType = text.plist.xml; path = "hw2-fbloginTests-Info.plist"; sourceTree = "<group>"; };
		1D9B70E2194ACD3100CDC61C /* en */ = {isa = PBXFileReference; lastKnownFileType = text.plist.strings; name = en; path = en.lproj/InfoPlist.strings; sourceTree = "<group>"; };
		1D9B70E4194ACD3100CDC61C /* hw2_fbloginTests.m */ = {isa = PBXFileReference; lastKnownFileType = sourcecode.c.objc; path = hw2_fbloginTests.m; sourceTree = "<group>"; };
		1D9B70EE194ACE0100CDC61C /* LoginViewController.h */ = {isa = PBXFileReference; fileEncoding = 4; lastKnownFileType = sourcecode.c.h; path = LoginViewController.h; sourceTree = "<group>"; };
		1D9B70EF194ACE0100CDC61C /* LoginViewController.m */ = {isa = PBXFileReference; fileEncoding = 4; lastKnownFileType = sourcecode.c.objc; path = LoginViewController.m; sourceTree = "<group>"; };
		1D9B70F0194ACE0100CDC61C /* LoginViewController.xib */ = {isa = PBXFileReference; fileEncoding = 4; lastKnownFileType = file.xib; path = LoginViewController.xib; sourceTree = "<group>"; };
		1D9B70F3194AE69D00CDC61C /* NewsFeedViewController.h */ = {isa = PBXFileReference; fileEncoding = 4; lastKnownFileType = sourcecode.c.h; path = NewsFeedViewController.h; sourceTree = "<group>"; };
		1D9B70F4194AE69D00CDC61C /* NewsFeedViewController.m */ = {isa = PBXFileReference; fileEncoding = 4; lastKnownFileType = sourcecode.c.objc; path = NewsFeedViewController.m; sourceTree = "<group>"; };
		1D9B70F5194AE69D00CDC61C /* NewsFeedViewController.xib */ = {isa = PBXFileReference; fileEncoding = 4; lastKnownFileType = file.xib; path = NewsFeedViewController.xib; sourceTree = "<group>"; };
		1D9B70F8194AE85D00CDC61C /* RequestsViewController.h */ = {isa = PBXFileReference; fileEncoding = 4; lastKnownFileType = sourcecode.c.h; path = RequestsViewController.h; sourceTree = "<group>"; };
		1D9B70F9194AE85D00CDC61C /* RequestsViewController.m */ = {isa = PBXFileReference; fileEncoding = 4; lastKnownFileType = sourcecode.c.objc; path = RequestsViewController.m; sourceTree = "<group>"; };
		1D9B70FA194AE85D00CDC61C /* RequestsViewController.xib */ = {isa = PBXFileReference; fileEncoding = 4; lastKnownFileType = file.xib; path = RequestsViewController.xib; sourceTree = "<group>"; };
		1D9B70FD194AEA7000CDC61C /* MoreViewController.h */ = {isa = PBXFileReference; fileEncoding = 4; lastKnownFileType = sourcecode.c.h; path = MoreViewController.h; sourceTree = "<group>"; };
		1D9B70FE194AEA7000CDC61C /* MoreViewController.m */ = {isa = PBXFileReference; fileEncoding = 4; lastKnownFileType = sourcecode.c.objc; path = MoreViewController.m; sourceTree = "<group>"; };
		1D9B70FF194AEA7000CDC61C /* MoreViewController.xib */ = {isa = PBXFileReference; fileEncoding = 4; lastKnownFileType = file.xib; path = MoreViewController.xib; sourceTree = "<group>"; };
/* End PBXFileReference section */

/* Begin PBXFrameworksBuildPhase section */
		1D9B70B9194ACD3100CDC61C /* Frameworks */ = {
			isa = PBXFrameworksBuildPhase;
			buildActionMask = 2147483647;
			files = (
				1D9B70C2194ACD3100CDC61C /* CoreGraphics.framework in Frameworks */,
				1D9B70C4194ACD3100CDC61C /* UIKit.framework in Frameworks */,
				1D9B70C0194ACD3100CDC61C /* Foundation.framework in Frameworks */,
			);
			runOnlyForDeploymentPostprocessing = 0;
		};
		1D9B70D4194ACD3100CDC61C /* Frameworks */ = {
			isa = PBXFrameworksBuildPhase;
			buildActionMask = 2147483647;
			files = (
				1D9B70D9194ACD3100CDC61C /* XCTest.framework in Frameworks */,
				1D9B70DB194ACD3100CDC61C /* UIKit.framework in Frameworks */,
				1D9B70DA194ACD3100CDC61C /* Foundation.framework in Frameworks */,
			);
			runOnlyForDeploymentPostprocessing = 0;
		};
/* End PBXFrameworksBuildPhase section */

/* Begin PBXGroup section */
		1D9B70B3194ACD3100CDC61C = {
			isa = PBXGroup;
			children = (
				1D9B70C5194ACD3100CDC61C /* hw2-fblogin */,
				1D9B70DE194ACD3100CDC61C /* hw2-fbloginTests */,
				1D9B70BE194ACD3100CDC61C /* Frameworks */,
				1D9B70BD194ACD3100CDC61C /* Products */,
			);
			sourceTree = "<group>";
		};
		1D9B70BD194ACD3100CDC61C /* Products */ = {
			isa = PBXGroup;
			children = (
				1D9B70BC194ACD3100CDC61C /* hw2-fblogin.app */,
				1D9B70D7194ACD3100CDC61C /* hw2-fbloginTests.xctest */,
			);
			name = Products;
			sourceTree = "<group>";
		};
		1D9B70BE194ACD3100CDC61C /* Frameworks */ = {
			isa = PBXGroup;
			children = (
				1D9B70BF194ACD3100CDC61C /* Foundation.framework */,
				1D9B70C1194ACD3100CDC61C /* CoreGraphics.framework */,
				1D9B70C3194ACD3100CDC61C /* UIKit.framework */,
				1D9B70D8194ACD3100CDC61C /* XCTest.framework */,
			);
			name = Frameworks;
			sourceTree = "<group>";
		};
		1D9B70C5194ACD3100CDC61C /* hw2-fblogin */ = {
			isa = PBXGroup;
			children = (
				1D9B70CE194ACD3100CDC61C /* AppDelegate.h */,
				1D9B70CF194ACD3100CDC61C /* AppDelegate.m */,
				1D9B70D1194ACD3100CDC61C /* Images.xcassets */,
				1D9B70C6194ACD3100CDC61C /* Supporting Files */,
				1D9B70EE194ACE0100CDC61C /* LoginViewController.h */,
				1D9B70EF194ACE0100CDC61C /* LoginViewController.m */,
				1D9B70F0194ACE0100CDC61C /* LoginViewController.xib */,
				1D9B70F3194AE69D00CDC61C /* NewsFeedViewController.h */,
				1D9B70F4194AE69D00CDC61C /* NewsFeedViewController.m */,
				1D9B70F5194AE69D00CDC61C /* NewsFeedViewController.xib */,
				1D9B70F8194AE85D00CDC61C /* RequestsViewController.h */,
				1D9B70F9194AE85D00CDC61C /* RequestsViewController.m */,
				1D9B70FA194AE85D00CDC61C /* RequestsViewController.xib */,
				1D9B70FD194AEA7000CDC61C /* MoreViewController.h */,
				1D9B70FE194AEA7000CDC61C /* MoreViewController.m */,
				1D9B70FF194AEA7000CDC61C /* MoreViewController.xib */,
			);
			path = "hw2-fblogin";
			sourceTree = "<group>";
		};
		1D9B70C6194ACD3100CDC61C /* Supporting Files */ = {
			isa = PBXGroup;
			children = (
				1D9B70C7194ACD3100CDC61C /* hw2-fblogin-Info.plist */,
				1D9B70C8194ACD3100CDC61C /* InfoPlist.strings */,
				1D9B70CB194ACD3100CDC61C /* main.m */,
				1D9B70CD194ACD3100CDC61C /* hw2-fblogin-Prefix.pch */,
			);
			name = "Supporting Files";
			sourceTree = "<group>";
		};
		1D9B70DE194ACD3100CDC61C /* hw2-fbloginTests */ = {
			isa = PBXGroup;
			children = (
				1D9B70E4194ACD3100CDC61C /* hw2_fbloginTests.m */,
				1D9B70DF194ACD3100CDC61C /* Supporting Files */,
			);
			path = "hw2-fbloginTests";
			sourceTree = "<group>";
		};
		1D9B70DF194ACD3100CDC61C /* Supporting Files */ = {
			isa = PBXGroup;
			children = (
				1D9B70E0194ACD3100CDC61C /* hw2-fbloginTests-Info.plist */,
				1D9B70E1194ACD3100CDC61C /* InfoPlist.strings */,
			);
			name = "Supporting Files";
			sourceTree = "<group>";
		};
/* End PBXGroup section */

/* Begin PBXNativeTarget section */
		1D9B70BB194ACD3100CDC61C /* hw2-fblogin */ = {
			isa = PBXNativeTarget;
			buildConfigurationList = 1D9B70E8194ACD3100CDC61C /* Build configuration list for PBXNativeTarget "hw2-fblogin" */;
			buildPhases = (
				1D9B70B8194ACD3100CDC61C /* Sources */,
				1D9B70B9194ACD3100CDC61C /* Frameworks */,
				1D9B70BA194ACD3100CDC61C /* Resources */,
			);
			buildRules = (
			);
			dependencies = (
			);
			name = "hw2-fblogin";
			productName = "hw2-fblogin";
			productReference = 1D9B70BC194ACD3100CDC61C /* hw2-fblogin.app */;
			productType = "com.apple.product-type.application";
		};
		1D9B70D6194ACD3100CDC61C /* hw2-fbloginTests */ = {
			isa = PBXNativeTarget;
			buildConfigurationList = 1D9B70EB194ACD3100CDC61C /* Build configuration list for PBXNativeTarget "hw2-fbloginTests" */;
			buildPhases = (
				1D9B70D3194ACD3100CDC61C /* Sources */,
				1D9B70D4194ACD3100CDC61C /* Frameworks */,
				1D9B70D5194ACD3100CDC61C /* Resources */,
			);
			buildRules = (
			);
			dependencies = (
				1D9B70DD194ACD3100CDC61C /* PBXTargetDependency */,
			);
			name = "hw2-fbloginTests";
			productName = "hw2-fbloginTests";
			productReference = 1D9B70D7194ACD3100CDC61C /* hw2-fbloginTests.xctest */;
			productType = "com.apple.product-type.bundle.unit-test";
		};
/* End PBXNativeTarget section */

/* Begin PBXProject section */
		1D9B70B4194ACD3100CDC61C /* Project object */ = {
			isa = PBXProject;
			attributes = {
				LastUpgradeCheck = 0510;
				ORGANIZATIONNAME = "Brian Kobashikawa";
				TargetAttributes = {
					1D9B70D6194ACD3100CDC61C = {
						TestTargetID = 1D9B70BB194ACD3100CDC61C;
					};
				};
			};
			buildConfigurationList = 1D9B70B7194ACD3100CDC61C /* Build configuration list for PBXProject "hw2-fblogin" */;
			compatibilityVersion = "Xcode 3.2";
			developmentRegion = English;
			hasScannedForEncodings = 0;
			knownRegions = (
				en,
			);
			mainGroup = 1D9B70B3194ACD3100CDC61C;
			productRefGroup = 1D9B70BD194ACD3100CDC61C /* Products */;
			projectDirPath = "";
			projectRoot = "";
			targets = (
				1D9B70BB194ACD3100CDC61C /* hw2-fblogin */,
				1D9B70D6194ACD3100CDC61C /* hw2-fbloginTests */,
			);
		};
/* End PBXProject section */

/* Begin PBXResourcesBuildPhase section */
		1D9B70BA194ACD3100CDC61C /* Resources */ = {
			isa = PBXResourcesBuildPhase;
			buildActionMask = 2147483647;
			files = (
				1D9B70CA194ACD3100CDC61C /* InfoPlist.strings in Resources */,
				1D9B7101194AEA7000CDC61C /* MoreViewController.xib in Resources */,
				1D9B70D2194ACD3100CDC61C /* Images.xcassets in Resources */,
				1D9B70F2194ACE0100CDC61C /* LoginViewController.xib in Resources */,
				1D9B70F7194AE69D00CDC61C /* NewsFeedViewController.xib in Resources */,
				1D9B70FC194AE85D00CDC61C /* RequestsViewController.xib in Resources */,
			);
			runOnlyForDeploymentPostprocessing = 0;
		};
		1D9B70D5194ACD3100CDC61C /* Resources */ = {
			isa = PBXResourcesBuildPhase;
			buildActionMask = 2147483647;
			files = (
				1D9B70E3194ACD3100CDC61C /* InfoPlist.strings in Resources */,
			);
			runOnlyForDeploymentPostprocessing = 0;
		};
/* End PBXResourcesBuildPhase section */

/* Begin PBXSourcesBuildPhase section */
		1D9B70B8194ACD3100CDC61C /* Sources */ = {
			isa = PBXSourcesBuildPhase;
			buildActionMask = 2147483647;
			files = (
				1D9B70FB194AE85D00CDC61C /* RequestsViewController.m in Sources */,
				1D9B7100194AEA7000CDC61C /* MoreViewController.m in Sources */,
				1D9B70D0194ACD3100CDC61C /* AppDelegate.m in Sources */,
				1D9B70CC194ACD3100CDC61C /* main.m in Sources */,
				1D9B70F1194ACE0100CDC61C /* LoginViewController.m in Sources */,
				1D9B70F6194AE69D00CDC61C /* NewsFeedViewController.m in Sources */,
			);
			runOnlyForDeploymentPostprocessing = 0;
		};
		1D9B70D3194ACD3100CDC61C /* Sources */ = {
			isa = PBXSourcesBuildPhase;
			buildActionMask = 2147483647;
			files = (
				1D9B70E5194ACD3100CDC61C /* hw2_fbloginTests.m in Sources */,
			);
			runOnlyForDeploymentPostprocessing = 0;
		};
/* End PBXSourcesBuildPhase section */

/* Begin PBXTargetDependency section */
		1D9B70DD194ACD3100CDC61C /* PBXTargetDependency */ = {
			isa = PBXTargetDependency;
			target = 1D9B70BB194ACD3100CDC61C /* hw2-fblogin */;
			targetProxy = 1D9B70DC194ACD3100CDC61C /* PBXContainerItemProxy */;
		};
/* End PBXTargetDependency section */

/* Begin PBXVariantGroup section */
		1D9B70C8194ACD3100CDC61C /* InfoPlist.strings */ = {
			isa = PBXVariantGroup;
			children = (
				1D9B70C9194ACD3100CDC61C /* en */,
			);
			name = InfoPlist.strings;
			sourceTree = "<group>";
		};
		1D9B70E1194ACD3100CDC61C /* InfoPlist.strings */ = {
			isa = PBXVariantGroup;
			children = (
				1D9B70E2194ACD3100CDC61C /* en */,
			);
			name = InfoPlist.strings;
			sourceTree = "<group>";
		};
/* End PBXVariantGroup section */

/* Begin XCBuildConfiguration section */
		1D9B70E6194ACD3100CDC61C /* Debug */ = {
			isa = XCBuildConfiguration;
			buildSettings = {
				ALWAYS_SEARCH_USER_PATHS = NO;
				CLANG_CXX_LANGUAGE_STANDARD = "gnu++0x";
				CLANG_CXX_LIBRARY = "libc++";
				CLANG_ENABLE_MODULES = YES;
				CLANG_ENABLE_OBJC_ARC = YES;
				CLANG_WARN_BOOL_CONVERSION = YES;
				CLANG_WARN_CONSTANT_CONVERSION = YES;
				CLANG_WARN_DIRECT_OBJC_ISA_USAGE = YES_ERROR;
				CLANG_WARN_EMPTY_BODY = YES;
				CLANG_WARN_ENUM_CONVERSION = YES;
				CLANG_WARN_INT_CONVERSION = YES;
				CLANG_WARN_OBJC_ROOT_CLASS = YES_ERROR;
				CLANG_WARN__DUPLICATE_METHOD_MATCH = YES;
				"CODE_SIGN_IDENTITY[sdk=iphoneos*]" = "iPhone Developer";
				COPY_PHASE_STRIP = NO;
				GCC_C_LANGUAGE_STANDARD = gnu99;
				GCC_DYNAMIC_NO_PIC = NO;
				GCC_OPTIMIZATION_LEVEL = 0;
				GCC_PREPROCESSOR_DEFINITIONS = (
					"DEBUG=1",
					"$(inherited)",
				);
				GCC_SYMBOLS_PRIVATE_EXTERN = NO;
				GCC_WARN_64_TO_32_BIT_CONVERSION = YES;
				GCC_WARN_ABOUT_RETURN_TYPE = YES_ERROR;
				GCC_WARN_UNDECLARED_SELECTOR = YES;
				GCC_WARN_UNINITIALIZED_AUTOS = YES_AGGRESSIVE;
				GCC_WARN_UNUSED_FUNCTION = YES;
				GCC_WARN_UNUSED_VARIABLE = YES;
				IPHONEOS_DEPLOYMENT_TARGET = 7.1;
				ONLY_ACTIVE_ARCH = YES;
				SDKROOT = iphoneos;
			};
			name = Debug;
		};
		1D9B70E7194ACD3100CDC61C /* Release */ = {
			isa = XCBuildConfiguration;
			buildSettings = {
				ALWAYS_SEARCH_USER_PATHS = NO;
				CLANG_CXX_LANGUAGE_STANDARD = "gnu++0x";
				CLANG_CXX_LIBRARY = "libc++";
				CLANG_ENABLE_MODULES = YES;
				CLANG_ENABLE_OBJC_ARC = YES;
				CLANG_WARN_BOOL_CONVERSION = YES;
				CLANG_WARN_CONSTANT_CONVERSION = YES;
				CLANG_WARN_DIRECT_OBJC_ISA_USAGE = YES_ERROR;
				CLANG_WARN_EMPTY_BODY = YES;
				CLANG_WARN_ENUM_CONVERSION = YES;
				CLANG_WARN_INT_CONVERSION = YES;
				CLANG_WARN_OBJC_ROOT_CLASS = YES_ERROR;
				CLANG_WARN__DUPLICATE_METHOD_MATCH = YES;
				"CODE_SIGN_IDENTITY[sdk=iphoneos*]" = "iPhone Developer";
				COPY_PHASE_STRIP = YES;
				ENABLE_NS_ASSERTIONS = NO;
				GCC_C_LANGUAGE_STANDARD = gnu99;
				GCC_WARN_64_TO_32_BIT_CONVERSION = YES;
				GCC_WARN_ABOUT_RETURN_TYPE = YES_ERROR;
				GCC_WARN_UNDECLARED_SELECTOR = YES;
				GCC_WARN_UNINITIALIZED_AUTOS = YES_AGGRESSIVE;
				GCC_WARN_UNUSED_FUNCTION = YES;
				GCC_WARN_UNUSED_VARIABLE = YES;
				IPHONEOS_DEPLOYMENT_TARGET = 7.1;
				SDKROOT = iphoneos;
				VALIDATE_PRODUCT = YES;
			};
			name = Release;
		};
		1D9B70E9194ACD3100CDC61C /* Debug */ = {
			isa = XCBuildConfiguration;
			buildSettings = {
				ASSETCATALOG_COMPILER_APPICON_NAME = AppIcon;
				ASSETCATALOG_COMPILER_LAUNCHIMAGE_NAME = LaunchImage;
				GCC_PRECOMPILE_PREFIX_HEADER = YES;
				GCC_PREFIX_HEADER = "hw2-fblogin/hw2-fblogin-Prefix.pch";
				INFOPLIST_FILE = "hw2-fblogin/hw2-fblogin-Info.plist";
				PRODUCT_NAME = "$(TARGET_NAME)";
				WRAPPER_EXTENSION = app;
			};
			name = Debug;
		};
		1D9B70EA194ACD3100CDC61C /* Release */ = {
			isa = XCBuildConfiguration;
			buildSettings = {
				ASSETCATALOG_COMPILER_APPICON_NAME = AppIcon;
				ASSETCATALOG_COMPILER_LAUNCHIMAGE_NAME = LaunchImage;
				GCC_PRECOMPILE_PREFIX_HEADER = YES;
				GCC_PREFIX_HEADER = "hw2-fblogin/hw2-fblogin-Prefix.pch";
				INFOPLIST_FILE = "hw2-fblogin/hw2-fblogin-Info.plist";
				PRODUCT_NAME = "$(TARGET_NAME)";
				WRAPPER_EXTENSION = app;
			};
			name = Release;
		};
		1D9B70EC194ACD3100CDC61C /* Debug */ = {
			isa = XCBuildConfiguration;
			buildSettings = {
				BUNDLE_LOADER = "$(BUILT_PRODUCTS_DIR)/hw2-fblogin.app/hw2-fblogin";
				FRAMEWORK_SEARCH_PATHS = (
					"$(SDKROOT)/Developer/Library/Frameworks",
					"$(inherited)",
					"$(DEVELOPER_FRAMEWORKS_DIR)",
				);
				GCC_PRECOMPILE_PREFIX_HEADER = YES;
				GCC_PREFIX_HEADER = "hw2-fblogin/hw2-fblogin-Prefix.pch";
				GCC_PREPROCESSOR_DEFINITIONS = (
					"DEBUG=1",
					"$(inherited)",
				);
				INFOPLIST_FILE = "hw2-fbloginTests/hw2-fbloginTests-Info.plist";
				PRODUCT_NAME = "$(TARGET_NAME)";
				TEST_HOST = "$(BUNDLE_LOADER)";
				WRAPPER_EXTENSION = xctest;
			};
			name = Debug;
		};
		1D9B70ED194ACD3100CDC61C /* Release */ = {
			isa = XCBuildConfiguration;
			buildSettings = {
				BUNDLE_LOADER = "$(BUILT_PRODUCTS_DIR)/hw2-fblogin.app/hw2-fblogin";
				FRAMEWORK_SEARCH_PATHS = (
					"$(SDKROOT)/Developer/Library/Frameworks",
					"$(inherited)",
					"$(DEVELOPER_FRAMEWORKS_DIR)",
				);
				GCC_PRECOMPILE_PREFIX_HEADER = YES;
				GCC_PREFIX_HEADER = "hw2-fblogin/hw2-fblogin-Prefix.pch";
				INFOPLIST_FILE = "hw2-fbloginTests/hw2-fbloginTests-Info.plist";
				PRODUCT_NAME = "$(TARGET_NAME)";
				TEST_HOST = "$(BUNDLE_LOADER)";
				WRAPPER_EXTENSION = xctest;
			};
			name = Release;
		};
/* End XCBuildConfiguration section */

/* Begin XCConfigurationList section */
		1D9B70B7194ACD3100CDC61C /* Build configuration list for PBXProject "hw2-fblogin" */ = {
			isa = XCConfigurationList;
			buildConfigurations = (
				1D9B70E6194ACD3100CDC61C /* Debug */,
				1D9B70E7194ACD3100CDC61C /* Release */,
			);
			defaultConfigurationIsVisible = 0;
			defaultConfigurationName = Release;
		};
		1D9B70E8194ACD3100CDC61C /* Build configuration list for PBXNativeTarget "hw2-fblogin" */ = {
			isa = XCConfigurationList;
			buildConfigurations = (
				1D9B70E9194ACD3100CDC61C /* Debug */,
				1D9B70EA194ACD3100CDC61C /* Release */,
			);
			defaultConfigurationIsVisible = 0;
		};
		1D9B70EB194ACD3100CDC61C /* Build configuration list for PBXNativeTarget "hw2-fbloginTests" */ = {
			isa = XCConfigurationList;
			buildConfigurations = (
				1D9B70EC194ACD3100CDC61C /* Debug */,
				1D9B70ED194ACD3100CDC61C /* Release */,
			);
			defaultConfigurationIsVisible = 0;
		};
/* End XCConfigurationList section */
	};
	rootObject = 1D9B70B4194ACD3100CDC61C /* Project object */;
}
