<?xml version="1.0" encoding="UTF-8"?>
<!DOCTYPE plist PUBLIC "-//Apple//DTD PLIST 1.0//EN" "http://www.apple.com/DTDs/PropertyList-1.0.dtd">
<plist version="1.0">
<dict>
	<key>archiveVersion</key>
	<string>1</string>
	<key>classes</key>
	<dict/>
	<key>objectVersion</key>
	<string>46</string>
	<key>objects</key>
	<dict>
		<key>1D046C4F193FD0CF0088FE02</key>
		<dict>
			<key>fileEncoding</key>
			<string>4</string>
			<key>isa</key>
			<string>PBXFileReference</string>
			<key>lastKnownFileType</key>
			<string>sourcecode.c.h</string>
			<key>path</key>
			<string>NewsFeedViewController.h</string>
			<key>sourceTree</key>
			<string>&lt;group&gt;</string>
		</dict>
		<key>1D046C50193FD0CF0088FE02</key>
		<dict>
			<key>fileEncoding</key>
			<string>4</string>
			<key>isa</key>
			<string>PBXFileReference</string>
			<key>lastKnownFileType</key>
			<string>sourcecode.c.objc</string>
			<key>path</key>
			<string>NewsFeedViewController.m</string>
			<key>sourceTree</key>
			<string>&lt;group&gt;</string>
		</dict>
		<key>1D046C51193FD0CF0088FE02</key>
		<dict>
			<key>fileEncoding</key>
			<string>4</string>
			<key>isa</key>
			<string>PBXFileReference</string>
			<key>lastKnownFileType</key>
			<string>file.xib</string>
			<key>path</key>
			<string>NewsFeedViewController.xib</string>
			<key>sourceTree</key>
			<string>&lt;group&gt;</string>
		</dict>
		<key>1D046C52193FD0CF0088FE02</key>
		<dict>
			<key>fileRef</key>
			<string>1D046C50193FD0CF0088FE02</string>
			<key>isa</key>
			<string>PBXBuildFile</string>
		</dict>
		<key>1D046C53193FD0CF0088FE02</key>
		<dict>
			<key>fileRef</key>
			<string>1D046C51193FD0CF0088FE02</string>
			<key>isa</key>
			<string>PBXBuildFile</string>
		</dict>
		<key>1D046C54193FE5F40088FE02</key>
		<dict>
			<key>fileEncoding</key>
			<string>4</string>
			<key>isa</key>
			<string>PBXFileReference</string>
			<key>lastKnownFileType</key>
			<string>sourcecode.c.h</string>
			<key>path</key>
			<string>RequestsViewController.h</string>
			<key>sourceTree</key>
			<string>&lt;group&gt;</string>
		</dict>
		<key>1D046C55193FE5F40088FE02</key>
		<dict>
			<key>fileEncoding</key>
			<string>4</string>
			<key>isa</key>
			<string>PBXFileReference</string>
			<key>lastKnownFileType</key>
			<string>sourcecode.c.objc</string>
			<key>path</key>
			<string>RequestsViewController.m</string>
			<key>sourceTree</key>
			<string>&lt;group&gt;</string>
		</dict>
		<key>1D046C56193FE5F40088FE02</key>
		<dict>
			<key>fileEncoding</key>
			<string>4</string>
			<key>isa</key>
			<string>PBXFileReference</string>
			<key>lastKnownFileType</key>
			<string>file.xib</string>
			<key>path</key>
			<string>RequestsViewController.xib</string>
			<key>sourceTree</key>
			<string>&lt;group&gt;</string>
		</dict>
		<key>1D046C57193FE5F40088FE02</key>
		<dict>
			<key>fileRef</key>
			<string>1D046C55193FE5F40088FE02</string>
			<key>isa</key>
			<string>PBXBuildFile</string>
		</dict>
		<key>1D046C58193FE5F40088FE02</key>
		<dict>
			<key>fileRef</key>
			<string>1D046C56193FE5F40088FE02</string>
			<key>isa</key>
			<string>PBXBuildFile</string>
		</dict>
		<key>1D48307519458F1C00FF2467</key>
		<dict>
			<key>fileEncoding</key>
			<string>4</string>
			<key>isa</key>
			<string>PBXFileReference</string>
			<key>lastKnownFileType</key>
			<string>sourcecode.c.h</string>
			<key>path</key>
			<string>PostViewController.h</string>
			<key>sourceTree</key>
			<string>&lt;group&gt;</string>
		</dict>
		<key>1D48307619458F1C00FF2467</key>
		<dict>
			<key>fileEncoding</key>
			<string>4</string>
			<key>isa</key>
			<string>PBXFileReference</string>
			<key>lastKnownFileType</key>
			<string>sourcecode.c.objc</string>
			<key>path</key>
			<string>PostViewController.m</string>
			<key>sourceTree</key>
			<string>&lt;group&gt;</string>
		</dict>
		<key>1D48307719458F1C00FF2467</key>
		<dict>
			<key>fileEncoding</key>
			<string>4</string>
			<key>isa</key>
			<string>PBXFileReference</string>
			<key>lastKnownFileType</key>
			<string>file.xib</string>
			<key>path</key>
			<string>PostViewController.xib</string>
			<key>sourceTree</key>
			<string>&lt;group&gt;</string>
		</dict>
		<key>1D48307819458F1C00FF2467</key>
		<dict>
			<key>fileRef</key>
			<string>1D48307619458F1C00FF2467</string>
			<key>isa</key>
			<string>PBXBuildFile</string>
		</dict>
		<key>1D48307919458F1C00FF2467</key>
		<dict>
			<key>fileRef</key>
			<string>1D48307719458F1C00FF2467</string>
			<key>isa</key>
			<string>PBXBuildFile</string>
		</dict>
		<key>1DDF921F193F010E005D18C4</key>
		<dict>
			<key>children</key>
			<array>
				<string>1DDF9231193F010E005D18C4</string>
				<string>1DDF924A193F010E005D18C4</string>
				<string>1DDF922A193F010E005D18C4</string>
				<string>1DDF9229193F010E005D18C4</string>
				<string>A765AED582824EC5A3E23A62</string>
			</array>
			<key>isa</key>
			<string>PBXGroup</string>
			<key>sourceTree</key>
			<string>&lt;group&gt;</string>
		</dict>
		<key>1DDF9220193F010E005D18C4</key>
		<dict>
			<key>attributes</key>
			<dict>
				<key>LastUpgradeCheck</key>
				<string>0510</string>
				<key>ORGANIZATIONNAME</key>
				<string>Brian Kobashikawa</string>
				<key>TargetAttributes</key>
				<dict>
					<key>1DDF9242193F010E005D18C4</key>
					<dict>
						<key>TestTargetID</key>
						<string>1DDF9227193F010E005D18C4</string>
					</dict>
				</dict>
			</dict>
			<key>buildConfigurationList</key>
			<string>1DDF9223193F010E005D18C4</string>
			<key>compatibilityVersion</key>
			<string>Xcode 3.2</string>
			<key>developmentRegion</key>
			<string>English</string>
			<key>hasScannedForEncodings</key>
			<string>0</string>
			<key>isa</key>
			<string>PBXProject</string>
			<key>knownRegions</key>
			<array>
				<string>en</string>
			</array>
			<key>mainGroup</key>
			<string>1DDF921F193F010E005D18C4</string>
			<key>productRefGroup</key>
			<string>1DDF9229193F010E005D18C4</string>
			<key>projectDirPath</key>
			<string></string>
			<key>projectReferences</key>
			<array/>
			<key>projectRoot</key>
			<string></string>
			<key>targets</key>
			<array>
				<string>1DDF9227193F010E005D18C4</string>
				<string>1DDF9242193F010E005D18C4</string>
			</array>
		</dict>
		<key>1DDF9223193F010E005D18C4</key>
		<dict>
			<key>buildConfigurations</key>
			<array>
				<string>1DDF9252193F010E005D18C4</string>
				<string>1DDF9253193F010E005D18C4</string>
			</array>
			<key>defaultConfigurationIsVisible</key>
			<string>0</string>
			<key>defaultConfigurationName</key>
			<string>Release</string>
			<key>isa</key>
			<string>XCConfigurationList</string>
		</dict>
		<key>1DDF9224193F010E005D18C4</key>
		<dict>
			<key>buildActionMask</key>
			<string>2147483647</string>
			<key>files</key>
			<array>
				<string>1D046C57193FE5F40088FE02</string>
				<string>1DDF923C193F010E005D18C4</string>
				<string>1D48307819458F1C00FF2467</string>
				<string>1DDF9238193F010E005D18C4</string>
				<string>1D046C52193FD0CF0088FE02</string>
			</array>
			<key>isa</key>
			<string>PBXSourcesBuildPhase</string>
			<key>runOnlyForDeploymentPostprocessing</key>
			<string>0</string>
		</dict>
		<key>1DDF9225193F010E005D18C4</key>
		<dict>
			<key>buildActionMask</key>
			<string>2147483647</string>
			<key>files</key>
			<array>
				<string>1DDF922E193F010E005D18C4</string>
				<string>1DDF9230193F010E005D18C4</string>
				<string>1DDF922C193F010E005D18C4</string>
				<string>CB6A032286DE41D38A82FCCF</string>
			</array>
			<key>isa</key>
			<string>PBXFrameworksBuildPhase</string>
			<key>runOnlyForDeploymentPostprocessing</key>
			<string>0</string>
		</dict>
		<key>1DDF9226193F010E005D18C4</key>
		<dict>
			<key>buildActionMask</key>
			<string>2147483647</string>
			<key>files</key>
			<array>
				<string>1DDF9236193F010E005D18C4</string>
				<string>1D48307919458F1C00FF2467</string>
				<string>1DDF923E193F010E005D18C4</string>
				<string>1D046C53193FD0CF0088FE02</string>
				<string>1D046C58193FE5F40088FE02</string>
			</array>
			<key>isa</key>
			<string>PBXResourcesBuildPhase</string>
			<key>runOnlyForDeploymentPostprocessing</key>
			<string>0</string>
		</dict>
		<key>1DDF9227193F010E005D18C4</key>
		<dict>
			<key>buildConfigurationList</key>
			<string>1DDF9254193F010E005D18C4</string>
			<key>buildPhases</key>
			<array>
				<string>30A4064DB73D4B6781E88F36</string>
				<string>1DDF9224193F010E005D18C4</string>
				<string>1DDF9225193F010E005D18C4</string>
				<string>1DDF9226193F010E005D18C4</string>
				<string>9B119EDE0F56432C81134C43</string>
			</array>
			<key>buildRules</key>
			<array/>
			<key>dependencies</key>
			<array/>
			<key>isa</key>
			<string>PBXNativeTarget</string>
			<key>name</key>
			<string>bookface</string>
			<key>productName</key>
			<string>bookface</string>
			<key>productReference</key>
			<string>1DDF9228193F010E005D18C4</string>
			<key>productType</key>
			<string>com.apple.product-type.application</string>
		</dict>
		<key>1DDF9228193F010E005D18C4</key>
		<dict>
			<key>explicitFileType</key>
			<string>wrapper.application</string>
			<key>includeInIndex</key>
			<string>0</string>
			<key>isa</key>
			<string>PBXFileReference</string>
			<key>path</key>
			<string>bookface.app</string>
			<key>sourceTree</key>
			<string>BUILT_PRODUCTS_DIR</string>
		</dict>
		<key>1DDF9229193F010E005D18C4</key>
		<dict>
			<key>children</key>
			<array>
				<string>1DDF9228193F010E005D18C4</string>
				<string>1DDF9243193F010E005D18C4</string>
			</array>
			<key>isa</key>
			<string>PBXGroup</string>
			<key>name</key>
			<string>Products</string>
			<key>sourceTree</key>
			<string>&lt;group&gt;</string>
		</dict>
		<key>1DDF922A193F010E005D18C4</key>
		<dict>
			<key>children</key>
			<array>
				<string>1DDF922B193F010E005D18C4</string>
				<string>1DDF922D193F010E005D18C4</string>
				<string>1DDF922F193F010E005D18C4</string>
				<string>1DDF9244193F010E005D18C4</string>
				<string>55667E42B74244078F2AB82E</string>
			</array>
			<key>isa</key>
			<string>PBXGroup</string>
			<key>name</key>
			<string>Frameworks</string>
			<key>sourceTree</key>
			<string>&lt;group&gt;</string>
		</dict>
		<key>1DDF922B193F010E005D18C4</key>
		<dict>
			<key>isa</key>
			<string>PBXFileReference</string>
			<key>lastKnownFileType</key>
			<string>wrapper.framework</string>
			<key>name</key>
			<string>Foundation.framework</string>
			<key>path</key>
			<string>System/Library/Frameworks/Foundation.framework</string>
			<key>sourceTree</key>
			<string>SDKROOT</string>
		</dict>
		<key>1DDF922C193F010E005D18C4</key>
		<dict>
			<key>fileRef</key>
			<string>1DDF922B193F010E005D18C4</string>
			<key>isa</key>
			<string>PBXBuildFile</string>
		</dict>
		<key>1DDF922D193F010E005D18C4</key>
		<dict>
			<key>isa</key>
			<string>PBXFileReference</string>
			<key>lastKnownFileType</key>
			<string>wrapper.framework</string>
			<key>name</key>
			<string>CoreGraphics.framework</string>
			<key>path</key>
			<string>System/Library/Frameworks/CoreGraphics.framework</string>
			<key>sourceTree</key>
			<string>SDKROOT</string>
		</dict>
		<key>1DDF922E193F010E005D18C4</key>
		<dict>
			<key>fileRef</key>
			<string>1DDF922D193F010E005D18C4</string>
			<key>isa</key>
			<string>PBXBuildFile</string>
		</dict>
		<key>1DDF922F193F010E005D18C4</key>
		<dict>
			<key>isa</key>
			<string>PBXFileReference</string>
			<key>lastKnownFileType</key>
			<string>wrapper.framework</string>
			<key>name</key>
			<string>UIKit.framework</string>
			<key>path</key>
			<string>System/Library/Frameworks/UIKit.framework</string>
			<key>sourceTree</key>
			<string>SDKROOT</string>
		</dict>
		<key>1DDF9230193F010E005D18C4</key>
		<dict>
			<key>fileRef</key>
			<string>1DDF922F193F010E005D18C4</string>
			<key>isa</key>
			<string>PBXBuildFile</string>
		</dict>
		<key>1DDF9231193F010E005D18C4</key>
		<dict>
			<key>children</key>
			<array>
				<string>1DDF923A193F010E005D18C4</string>
				<string>1DDF923B193F010E005D18C4</string>
				<string>1DDF923D193F010E005D18C4</string>
				<string>1DDF9232193F010E005D18C4</string>
				<string>1D046C4F193FD0CF0088FE02</string>
				<string>1D046C50193FD0CF0088FE02</string>
				<string>1D046C51193FD0CF0088FE02</string>
				<string>1D046C54193FE5F40088FE02</string>
				<string>1D046C55193FE5F40088FE02</string>
				<string>1D046C56193FE5F40088FE02</string>
				<string>1D48307519458F1C00FF2467</string>
				<string>1D48307619458F1C00FF2467</string>
				<string>1D48307719458F1C00FF2467</string>
			</array>
			<key>isa</key>
			<string>PBXGroup</string>
			<key>path</key>
			<string>bookface</string>
			<key>sourceTree</key>
			<string>&lt;group&gt;</string>
		</dict>
		<key>1DDF9232193F010E005D18C4</key>
		<dict>
			<key>children</key>
			<array>
				<string>1DDF9233193F010E005D18C4</string>
				<string>1DDF9234193F010E005D18C4</string>
				<string>1DDF9237193F010E005D18C4</string>
				<string>1DDF9239193F010E005D18C4</string>
			</array>
			<key>isa</key>
			<string>PBXGroup</string>
			<key>name</key>
			<string>Supporting Files</string>
			<key>sourceTree</key>
			<string>&lt;group&gt;</string>
		</dict>
		<key>1DDF9233193F010E005D18C4</key>
		<dict>
			<key>isa</key>
			<string>PBXFileReference</string>
			<key>lastKnownFileType</key>
			<string>text.plist.xml</string>
			<key>path</key>
			<string>bookface-Info.plist</string>
			<key>sourceTree</key>
			<string>&lt;group&gt;</string>
		</dict>
		<key>1DDF9234193F010E005D18C4</key>
		<dict>
			<key>children</key>
			<array>
				<string>1DDF9235193F010E005D18C4</string>
			</array>
			<key>isa</key>
			<string>PBXVariantGroup</string>
			<key>name</key>
			<string>InfoPlist.strings</string>
			<key>sourceTree</key>
			<string>&lt;group&gt;</string>
		</dict>
		<key>1DDF9235193F010E005D18C4</key>
		<dict>
			<key>isa</key>
			<string>PBXFileReference</string>
			<key>lastKnownFileType</key>
			<string>text.plist.strings</string>
			<key>name</key>
			<string>en</string>
			<key>path</key>
			<string>en.lproj/InfoPlist.strings</string>
			<key>sourceTree</key>
			<string>&lt;group&gt;</string>
		</dict>
		<key>1DDF9236193F010E005D18C4</key>
		<dict>
			<key>fileRef</key>
			<string>1DDF9234193F010E005D18C4</string>
			<key>isa</key>
			<string>PBXBuildFile</string>
		</dict>
		<key>1DDF9237193F010E005D18C4</key>
		<dict>
			<key>isa</key>
			<string>PBXFileReference</string>
			<key>lastKnownFileType</key>
			<string>sourcecode.c.objc</string>
			<key>path</key>
			<string>main.m</string>
			<key>sourceTree</key>
			<string>&lt;group&gt;</string>
		</dict>
		<key>1DDF9238193F010E005D18C4</key>
		<dict>
			<key>fileRef</key>
			<string>1DDF9237193F010E005D18C4</string>
			<key>isa</key>
			<string>PBXBuildFile</string>
		</dict>
		<key>1DDF9239193F010E005D18C4</key>
		<dict>
			<key>isa</key>
			<string>PBXFileReference</string>
			<key>lastKnownFileType</key>
			<string>sourcecode.c.h</string>
			<key>path</key>
			<string>bookface-Prefix.pch</string>
			<key>sourceTree</key>
			<string>&lt;group&gt;</string>
		</dict>
		<key>1DDF923A193F010E005D18C4</key>
		<dict>
			<key>isa</key>
			<string>PBXFileReference</string>
			<key>lastKnownFileType</key>
			<string>sourcecode.c.h</string>
			<key>path</key>
			<string>AppDelegate.h</string>
			<key>sourceTree</key>
			<string>&lt;group&gt;</string>
		</dict>
		<key>1DDF923B193F010E005D18C4</key>
		<dict>
			<key>isa</key>
			<string>PBXFileReference</string>
			<key>lastKnownFileType</key>
			<string>sourcecode.c.objc</string>
			<key>path</key>
			<string>AppDelegate.m</string>
			<key>sourceTree</key>
			<string>&lt;group&gt;</string>
		</dict>
		<key>1DDF923C193F010E005D18C4</key>
		<dict>
			<key>fileRef</key>
			<string>1DDF923B193F010E005D18C4</string>
			<key>isa</key>
			<string>PBXBuildFile</string>
		</dict>
		<key>1DDF923D193F010E005D18C4</key>
		<dict>
			<key>isa</key>
			<string>PBXFileReference</string>
			<key>lastKnownFileType</key>
			<string>folder.assetcatalog</string>
			<key>path</key>
			<string>Images.xcassets</string>
			<key>sourceTree</key>
			<string>&lt;group&gt;</string>
		</dict>
		<key>1DDF923E193F010E005D18C4</key>
		<dict>
			<key>fileRef</key>
			<string>1DDF923D193F010E005D18C4</string>
			<key>isa</key>
			<string>PBXBuildFile</string>
		</dict>
		<key>1DDF923F193F010E005D18C4</key>
		<dict>
			<key>buildActionMask</key>
			<string>2147483647</string>
			<key>files</key>
			<array>
				<string>1DDF9251193F010E005D18C4</string>
			</array>
			<key>isa</key>
			<string>PBXSourcesBuildPhase</string>
			<key>runOnlyForDeploymentPostprocessing</key>
			<string>0</string>
		</dict>
		<key>1DDF9240193F010E005D18C4</key>
		<dict>
			<key>buildActionMask</key>
			<string>2147483647</string>
			<key>files</key>
			<array>
				<string>1DDF9245193F010E005D18C4</string>
				<string>1DDF9247193F010E005D18C4</string>
				<string>1DDF9246193F010E005D18C4</string>
			</array>
			<key>isa</key>
			<string>PBXFrameworksBuildPhase</string>
			<key>runOnlyForDeploymentPostprocessing</key>
			<string>0</string>
		</dict>
		<key>1DDF9241193F010E005D18C4</key>
		<dict>
			<key>buildActionMask</key>
			<string>2147483647</string>
			<key>files</key>
			<array>
				<string>1DDF924F193F010E005D18C4</string>
			</array>
			<key>isa</key>
			<string>PBXResourcesBuildPhase</string>
			<key>runOnlyForDeploymentPostprocessing</key>
			<string>0</string>
		</dict>
		<key>1DDF9242193F010E005D18C4</key>
		<dict>
			<key>buildConfigurationList</key>
			<string>1DDF9257193F010E005D18C4</string>
			<key>buildPhases</key>
			<array>
				<string>1DDF923F193F010E005D18C4</string>
				<string>1DDF9240193F010E005D18C4</string>
				<string>1DDF9241193F010E005D18C4</string>
			</array>
			<key>buildRules</key>
			<array/>
			<key>dependencies</key>
			<array>
				<string>1DDF9249193F010E005D18C4</string>
			</array>
			<key>isa</key>
			<string>PBXNativeTarget</string>
			<key>name</key>
			<string>bookfaceTests</string>
			<key>productName</key>
			<string>bookfaceTests</string>
			<key>productReference</key>
			<string>1DDF9243193F010E005D18C4</string>
			<key>productType</key>
			<string>com.apple.product-type.bundle.unit-test</string>
		</dict>
		<key>1DDF9243193F010E005D18C4</key>
		<dict>
			<key>explicitFileType</key>
			<string>wrapper.cfbundle</string>
			<key>includeInIndex</key>
			<string>0</string>
			<key>isa</key>
			<string>PBXFileReference</string>
			<key>path</key>
			<string>bookfaceTests.xctest</string>
			<key>sourceTree</key>
			<string>BUILT_PRODUCTS_DIR</string>
		</dict>
		<key>1DDF9244193F010E005D18C4</key>
		<dict>
			<key>isa</key>
			<string>PBXFileReference</string>
			<key>lastKnownFileType</key>
			<string>wrapper.framework</string>
			<key>name</key>
			<string>XCTest.framework</string>
			<key>path</key>
			<string>Library/Frameworks/XCTest.framework</string>
			<key>sourceTree</key>
			<string>DEVELOPER_DIR</string>
		</dict>
		<key>1DDF9245193F010E005D18C4</key>
		<dict>
			<key>fileRef</key>
			<string>1DDF9244193F010E005D18C4</string>
			<key>isa</key>
			<string>PBXBuildFile</string>
		</dict>
		<key>1DDF9246193F010E005D18C4</key>
		<dict>
			<key>fileRef</key>
			<string>1DDF922B193F010E005D18C4</string>
			<key>isa</key>
			<string>PBXBuildFile</string>
		</dict>
		<key>1DDF9247193F010E005D18C4</key>
		<dict>
			<key>fileRef</key>
			<string>1DDF922F193F010E005D18C4</string>
			<key>isa</key>
			<string>PBXBuildFile</string>
		</dict>
		<key>1DDF9248193F010E005D18C4</key>
		<dict>
			<key>containerPortal</key>
			<string>1DDF9220193F010E005D18C4</string>
			<key>isa</key>
			<string>PBXContainerItemProxy</string>
			<key>proxyType</key>
			<string>1</string>
			<key>remoteGlobalIDString</key>
			<string>1DDF9227193F010E005D18C4</string>
			<key>remoteInfo</key>
			<string>bookface</string>
		</dict>
		<key>1DDF9249193F010E005D18C4</key>
		<dict>
			<key>isa</key>
			<string>PBXTargetDependency</string>
			<key>target</key>
			<string>1DDF9227193F010E005D18C4</string>
			<key>targetProxy</key>
			<string>1DDF9248193F010E005D18C4</string>
		</dict>
		<key>1DDF924A193F010E005D18C4</key>
		<dict>
			<key>children</key>
			<array>
				<string>1DDF9250193F010E005D18C4</string>
				<string>1DDF924B193F010E005D18C4</string>
			</array>
			<key>isa</key>
			<string>PBXGroup</string>
			<key>path</key>
			<string>bookfaceTests</string>
			<key>sourceTree</key>
			<string>&lt;group&gt;</string>
		</dict>
		<key>1DDF924B193F010E005D18C4</key>
		<dict>
			<key>children</key>
			<array>
				<string>1DDF924C193F010E005D18C4</string>
				<string>1DDF924D193F010E005D18C4</string>
			</array>
			<key>isa</key>
			<string>PBXGroup</string>
			<key>name</key>
			<string>Supporting Files</string>
			<key>sourceTree</key>
			<string>&lt;group&gt;</string>
		</dict>
		<key>1DDF924C193F010E005D18C4</key>
		<dict>
			<key>isa</key>
			<string>PBXFileReference</string>
			<key>lastKnownFileType</key>
			<string>text.plist.xml</string>
			<key>path</key>
			<string>bookfaceTests-Info.plist</string>
			<key>sourceTree</key>
			<string>&lt;group&gt;</string>
		</dict>
		<key>1DDF924D193F010E005D18C4</key>
		<dict>
			<key>children</key>
			<array>
				<string>1DDF924E193F010E005D18C4</string>
			</array>
			<key>isa</key>
			<string>PBXVariantGroup</string>
			<key>name</key>
			<string>InfoPlist.strings</string>
			<key>sourceTree</key>
			<string>&lt;group&gt;</string>
		</dict>
		<key>1DDF924E193F010E005D18C4</key>
		<dict>
			<key>isa</key>
			<string>PBXFileReference</string>
			<key>lastKnownFileType</key>
			<string>text.plist.strings</string>
			<key>name</key>
			<string>en</string>
			<key>path</key>
			<string>en.lproj/InfoPlist.strings</string>
			<key>sourceTree</key>
			<string>&lt;group&gt;</string>
		</dict>
		<key>1DDF924F193F010E005D18C4</key>
		<dict>
			<key>fileRef</key>
			<string>1DDF924D193F010E005D18C4</string>
			<key>isa</key>
			<string>PBXBuildFile</string>
		</dict>
		<key>1DDF9250193F010E005D18C4</key>
		<dict>
			<key>isa</key>
			<string>PBXFileReference</string>
			<key>lastKnownFileType</key>
			<string>sourcecode.c.objc</string>
			<key>path</key>
			<string>bookfaceTests.m</string>
			<key>sourceTree</key>
			<string>&lt;group&gt;</string>
		</dict>
		<key>1DDF9251193F010E005D18C4</key>
		<dict>
			<key>fileRef</key>
			<string>1DDF9250193F010E005D18C4</string>
			<key>isa</key>
			<string>PBXBuildFile</string>
		</dict>
		<key>1DDF9252193F010E005D18C4</key>
		<dict>
			<key>buildSettings</key>
			<dict>
				<key>ALWAYS_SEARCH_USER_PATHS</key>
				<string>NO</string>
				<key>CLANG_CXX_LANGUAGE_STANDARD</key>
				<string>gnu++0x</string>
				<key>CLANG_CXX_LIBRARY</key>
				<string>libc++</string>
				<key>CLANG_ENABLE_MODULES</key>
				<string>YES</string>
				<key>CLANG_ENABLE_OBJC_ARC</key>
				<string>YES</string>
				<key>CLANG_WARN_BOOL_CONVERSION</key>
				<string>YES</string>
				<key>CLANG_WARN_CONSTANT_CONVERSION</key>
				<string>YES</string>
				<key>CLANG_WARN_DIRECT_OBJC_ISA_USAGE</key>
				<string>YES_ERROR</string>
				<key>CLANG_WARN_EMPTY_BODY</key>
				<string>YES</string>
				<key>CLANG_WARN_ENUM_CONVERSION</key>
				<string>YES</string>
				<key>CLANG_WARN_INT_CONVERSION</key>
				<string>YES</string>
				<key>CLANG_WARN_OBJC_ROOT_CLASS</key>
				<string>YES_ERROR</string>
				<key>CLANG_WARN__DUPLICATE_METHOD_MATCH</key>
				<string>YES</string>
				<key>CODE_SIGN_IDENTITY[sdk=iphoneos*]</key>
				<string>iPhone Developer</string>
				<key>COPY_PHASE_STRIP</key>
				<string>NO</string>
				<key>GCC_C_LANGUAGE_STANDARD</key>
				<string>gnu99</string>
				<key>GCC_DYNAMIC_NO_PIC</key>
				<string>NO</string>
				<key>GCC_OPTIMIZATION_LEVEL</key>
				<string>0</string>
				<key>GCC_PREPROCESSOR_DEFINITIONS</key>
				<array>
					<string>DEBUG=1</string>
					<string>$(inherited)</string>
				</array>
				<key>GCC_SYMBOLS_PRIVATE_EXTERN</key>
				<string>NO</string>
				<key>GCC_WARN_64_TO_32_BIT_CONVERSION</key>
				<string>YES</string>
				<key>GCC_WARN_ABOUT_RETURN_TYPE</key>
				<string>YES_ERROR</string>
				<key>GCC_WARN_UNDECLARED_SELECTOR</key>
				<string>YES</string>
				<key>GCC_WARN_UNINITIALIZED_AUTOS</key>
				<string>YES_AGGRESSIVE</string>
				<key>GCC_WARN_UNUSED_FUNCTION</key>
				<string>YES</string>
				<key>GCC_WARN_UNUSED_VARIABLE</key>
				<string>YES</string>
				<key>IPHONEOS_DEPLOYMENT_TARGET</key>
				<string>7.1</string>
				<key>ONLY_ACTIVE_ARCH</key>
				<string>YES</string>
				<key>SDKROOT</key>
				<string>iphoneos</string>
			</dict>
			<key>isa</key>
			<string>XCBuildConfiguration</string>
			<key>name</key>
			<string>Debug</string>
		</dict>
		<key>1DDF9253193F010E005D18C4</key>
		<dict>
			<key>buildSettings</key>
			<dict>
				<key>ALWAYS_SEARCH_USER_PATHS</key>
				<string>NO</string>
				<key>CLANG_CXX_LANGUAGE_STANDARD</key>
				<string>gnu++0x</string>
				<key>CLANG_CXX_LIBRARY</key>
				<string>libc++</string>
				<key>CLANG_ENABLE_MODULES</key>
				<string>YES</string>
				<key>CLANG_ENABLE_OBJC_ARC</key>
				<string>YES</string>
				<key>CLANG_WARN_BOOL_CONVERSION</key>
				<string>YES</string>
				<key>CLANG_WARN_CONSTANT_CONVERSION</key>
				<string>YES</string>
				<key>CLANG_WARN_DIRECT_OBJC_ISA_USAGE</key>
				<string>YES_ERROR</string>
				<key>CLANG_WARN_EMPTY_BODY</key>
				<string>YES</string>
				<key>CLANG_WARN_ENUM_CONVERSION</key>
				<string>YES</string>
				<key>CLANG_WARN_INT_CONVERSION</key>
				<string>YES</string>
				<key>CLANG_WARN_OBJC_ROOT_CLASS</key>
				<string>YES_ERROR</string>
				<key>CLANG_WARN__DUPLICATE_METHOD_MATCH</key>
				<string>YES</string>
				<key>CODE_SIGN_IDENTITY[sdk=iphoneos*]</key>
				<string>iPhone Developer</string>
				<key>COPY_PHASE_STRIP</key>
				<string>YES</string>
				<key>ENABLE_NS_ASSERTIONS</key>
				<string>NO</string>
				<key>GCC_C_LANGUAGE_STANDARD</key>
				<string>gnu99</string>
				<key>GCC_WARN_64_TO_32_BIT_CONVERSION</key>
				<string>YES</string>
				<key>GCC_WARN_ABOUT_RETURN_TYPE</key>
				<string>YES_ERROR</string>
				<key>GCC_WARN_UNDECLARED_SELECTOR</key>
				<string>YES</string>
				<key>GCC_WARN_UNINITIALIZED_AUTOS</key>
				<string>YES_AGGRESSIVE</string>
				<key>GCC_WARN_UNUSED_FUNCTION</key>
				<string>YES</string>
				<key>GCC_WARN_UNUSED_VARIABLE</key>
				<string>YES</string>
				<key>IPHONEOS_DEPLOYMENT_TARGET</key>
				<string>7.1</string>
				<key>SDKROOT</key>
				<string>iphoneos</string>
				<key>VALIDATE_PRODUCT</key>
				<string>YES</string>
			</dict>
			<key>isa</key>
			<string>XCBuildConfiguration</string>
			<key>name</key>
			<string>Release</string>
		</dict>
		<key>1DDF9254193F010E005D18C4</key>
		<dict>
			<key>buildConfigurations</key>
			<array>
				<string>1DDF9255193F010E005D18C4</string>
				<string>1DDF9256193F010E005D18C4</string>
			</array>
			<key>defaultConfigurationIsVisible</key>
			<string>0</string>
			<key>defaultConfigurationName</key>
			<string>Release</string>
			<key>isa</key>
			<string>XCConfigurationList</string>
		</dict>
		<key>1DDF9255193F010E005D18C4</key>
		<dict>
			<key>baseConfigurationReference</key>
			<string>A765AED582824EC5A3E23A62</string>
			<key>buildSettings</key>
			<dict>
				<key>ASSETCATALOG_COMPILER_APPICON_NAME</key>
				<string>AppIcon</string>
				<key>ASSETCATALOG_COMPILER_LAUNCHIMAGE_NAME</key>
				<string>LaunchImage</string>
				<key>GCC_PRECOMPILE_PREFIX_HEADER</key>
				<string>YES</string>
				<key>GCC_PREFIX_HEADER</key>
				<string>bookface/bookface-Prefix.pch</string>
				<key>INFOPLIST_FILE</key>
				<string>bookface/bookface-Info.plist</string>
				<key>PRODUCT_NAME</key>
				<string>$(TARGET_NAME)</string>
				<key>WRAPPER_EXTENSION</key>
				<string>app</string>
			</dict>
			<key>isa</key>
			<string>XCBuildConfiguration</string>
			<key>name</key>
			<string>Debug</string>
		</dict>
		<key>1DDF9256193F010E005D18C4</key>
		<dict>
			<key>baseConfigurationReference</key>
			<string>A765AED582824EC5A3E23A62</string>
			<key>buildSettings</key>
			<dict>
				<key>ASSETCATALOG_COMPILER_APPICON_NAME</key>
				<string>AppIcon</string>
				<key>ASSETCATALOG_COMPILER_LAUNCHIMAGE_NAME</key>
				<string>LaunchImage</string>
				<key>GCC_PRECOMPILE_PREFIX_HEADER</key>
				<string>YES</string>
				<key>GCC_PREFIX_HEADER</key>
				<string>bookface/bookface-Prefix.pch</string>
				<key>INFOPLIST_FILE</key>
				<string>bookface/bookface-Info.plist</string>
				<key>PRODUCT_NAME</key>
				<string>$(TARGET_NAME)</string>
				<key>WRAPPER_EXTENSION</key>
				<string>app</string>
			</dict>
			<key>isa</key>
			<string>XCBuildConfiguration</string>
			<key>name</key>
			<string>Release</string>
		</dict>
		<key>1DDF9257193F010E005D18C4</key>
		<dict>
			<key>buildConfigurations</key>
			<array>
				<string>1DDF9258193F010E005D18C4</string>
				<string>1DDF9259193F010E005D18C4</string>
			</array>
			<key>defaultConfigurationIsVisible</key>
			<string>0</string>
			<key>defaultConfigurationName</key>
			<string>Release</string>
			<key>isa</key>
			<string>XCConfigurationList</string>
		</dict>
		<key>1DDF9258193F010E005D18C4</key>
		<dict>
			<key>buildSettings</key>
			<dict>
				<key>BUNDLE_LOADER</key>
				<string>$(BUILT_PRODUCTS_DIR)/bookface.app/bookface</string>
				<key>FRAMEWORK_SEARCH_PATHS</key>
				<array>
					<string>$(SDKROOT)/Developer/Library/Frameworks</string>
					<string>$(inherited)</string>
					<string>$(DEVELOPER_FRAMEWORKS_DIR)</string>
				</array>
				<key>GCC_PRECOMPILE_PREFIX_HEADER</key>
				<string>YES</string>
				<key>GCC_PREFIX_HEADER</key>
				<string>bookface/bookface-Prefix.pch</string>
				<key>GCC_PREPROCESSOR_DEFINITIONS</key>
				<array>
					<string>DEBUG=1</string>
					<string>$(inherited)</string>
				</array>
				<key>INFOPLIST_FILE</key>
				<string>bookfaceTests/bookfaceTests-Info.plist</string>
				<key>PRODUCT_NAME</key>
				<string>$(TARGET_NAME)</string>
				<key>TEST_HOST</key>
				<string>$(BUNDLE_LOADER)</string>
				<key>WRAPPER_EXTENSION</key>
				<string>xctest</string>
			</dict>
			<key>isa</key>
			<string>XCBuildConfiguration</string>
			<key>name</key>
			<string>Debug</string>
		</dict>
		<key>1DDF9259193F010E005D18C4</key>
		<dict>
			<key>buildSettings</key>
			<dict>
				<key>BUNDLE_LOADER</key>
				<string>$(BUILT_PRODUCTS_DIR)/bookface.app/bookface</string>
				<key>FRAMEWORK_SEARCH_PATHS</key>
				<array>
					<string>$(SDKROOT)/Developer/Library/Frameworks</string>
					<string>$(inherited)</string>
					<string>$(DEVELOPER_FRAMEWORKS_DIR)</string>
				</array>
				<key>GCC_PRECOMPILE_PREFIX_HEADER</key>
				<string>YES</string>
				<key>GCC_PREFIX_HEADER</key>
				<string>bookface/bookface-Prefix.pch</string>
				<key>INFOPLIST_FILE</key>
				<string>bookfaceTests/bookfaceTests-Info.plist</string>
				<key>PRODUCT_NAME</key>
				<string>$(TARGET_NAME)</string>
				<key>TEST_HOST</key>
				<string>$(BUNDLE_LOADER)</string>
				<key>WRAPPER_EXTENSION</key>
				<string>xctest</string>
			</dict>
			<key>isa</key>
			<string>XCBuildConfiguration</string>
			<key>name</key>
			<string>Release</string>
		</dict>
		<key>30A4064DB73D4B6781E88F36</key>
		<dict>
			<key>buildActionMask</key>
			<string>2147483647</string>
			<key>files</key>
			<array/>
			<key>inputPaths</key>
			<array/>
			<key>isa</key>
			<string>PBXShellScriptBuildPhase</string>
			<key>name</key>
			<string>Check Pods Manifest.lock</string>
			<key>outputPaths</key>
			<array/>
			<key>runOnlyForDeploymentPostprocessing</key>
			<string>0</string>
			<key>shellPath</key>
			<string>/bin/sh</string>
			<key>shellScript</key>
			<string>diff "${PODS_ROOT}/../Podfile.lock" "${PODS_ROOT}/Manifest.lock" &gt; /dev/null
if [[ $? != 0 ]] ; then
    cat &lt;&lt; EOM
error: The sandbox is not in sync with the Podfile.lock. Run 'pod install' or update your CocoaPods installation.
EOM
    exit 1
fi
</string>
			<key>showEnvVarsInLog</key>
			<string>0</string>
		</dict>
		<key>55667E42B74244078F2AB82E</key>
		<dict>
			<key>explicitFileType</key>
			<string>archive.ar</string>
			<key>includeInIndex</key>
			<string>0</string>
			<key>isa</key>
			<string>PBXFileReference</string>
			<key>path</key>
			<string>libPods.a</string>
			<key>sourceTree</key>
			<string>BUILT_PRODUCTS_DIR</string>
		</dict>
		<key>9B119EDE0F56432C81134C43</key>
		<dict>
			<key>buildActionMask</key>
			<string>2147483647</string>
			<key>files</key>
			<array/>
			<key>inputPaths</key>
			<array/>
			<key>isa</key>
			<string>PBXShellScriptBuildPhase</string>
			<key>name</key>
			<string>Copy Pods Resources</string>
			<key>outputPaths</key>
			<array/>
			<key>runOnlyForDeploymentPostprocessing</key>
			<string>0</string>
			<key>shellPath</key>
			<string>/bin/sh</string>
			<key>shellScript</key>
			<string>"${SRCROOT}/Pods/Pods-resources.sh"
</string>
			<key>showEnvVarsInLog</key>
			<string>0</string>
		</dict>
		<key>A765AED582824EC5A3E23A62</key>
		<dict>
			<key>includeInIndex</key>
			<string>1</string>
			<key>isa</key>
			<string>PBXFileReference</string>
			<key>lastKnownFileType</key>
			<string>text.xcconfig</string>
			<key>name</key>
			<string>Pods.xcconfig</string>
			<key>path</key>
			<string>Pods/Pods.xcconfig</string>
			<key>sourceTree</key>
			<string>&lt;group&gt;</string>
		</dict>
		<key>CB6A032286DE41D38A82FCCF</key>
		<dict>
			<key>fileRef</key>
			<string>55667E42B74244078F2AB82E</string>
			<key>isa</key>
			<string>PBXBuildFile</string>
		</dict>
	</dict>
	<key>rootObject</key>
	<string>1DDF9220193F010E005D18C4</string>
</dict>
</plist>
