// !$*UTF8*$!
{
	archiveVersion = 1;
	classes = {
	};
	objectVersion = 46;
	objects = {

/* Begin PBXBuildFile section */
		1D376659195F8102001117AB /* Foundation.framework in Frameworks */ = {isa = PBXBuildFile; fileRef = 1D376658195F8102001117AB /* Foundation.framework */; };
		1D37665B195F8102001117AB /* CoreGraphics.framework in Frameworks */ = {isa = PBXBuildFile; fileRef = 1D37665A195F8102001117AB /* CoreGraphics.framework */; };
		1D37665D195F8102001117AB /* UIKit.framework in Frameworks */ = {isa = PBXBuildFile; fileRef = 1D37665C195F8102001117AB /* UIKit.framework */; };
		1D376663195F8102001117AB /* InfoPlist.strings in Resources */ = {isa = PBXBuildFile; fileRef = 1D376661195F8102001117AB /* InfoPlist.strings */; };
		1D376665195F8102001117AB /* main.m in Sources */ = {isa = PBXBuildFile; fileRef = 1D376664195F8102001117AB /* main.m */; };
		1D376669195F8102001117AB /* AppDelegate.m in Sources */ = {isa = PBXBuildFile; fileRef = 1D376668195F8102001117AB /* AppDelegate.m */; };
		1D37666B195F8102001117AB /* Images.xcassets in Resources */ = {isa = PBXBuildFile; fileRef = 1D37666A195F8102001117AB /* Images.xcassets */; };
		1D376672195F8102001117AB /* XCTest.framework in Frameworks */ = {isa = PBXBuildFile; fileRef = 1D376671195F8102001117AB /* XCTest.framework */; };
		1D376673195F8102001117AB /* Foundation.framework in Frameworks */ = {isa = PBXBuildFile; fileRef = 1D376658195F8102001117AB /* Foundation.framework */; };
		1D376674195F8102001117AB /* UIKit.framework in Frameworks */ = {isa = PBXBuildFile; fileRef = 1D37665C195F8102001117AB /* UIKit.framework */; };
		1D37667C195F8102001117AB /* InfoPlist.strings in Resources */ = {isa = PBXBuildFile; fileRef = 1D37667A195F8102001117AB /* InfoPlist.strings */; };
		1D37667E195F8102001117AB /* hw4_tumblrTests.m in Sources */ = {isa = PBXBuildFile; fileRef = 1D37667D195F8102001117AB /* hw4_tumblrTests.m */; };
		1D37668A195F8136001117AB /* TabViewController.m in Sources */ = {isa = PBXBuildFile; fileRef = 1D376688195F8136001117AB /* TabViewController.m */; };
		1D37668B195F8136001117AB /* TabViewController.xib in Resources */ = {isa = PBXBuildFile; fileRef = 1D376689195F8136001117AB /* TabViewController.xib */; };
		1D37668F195F8735001117AB /* HomeViewController.m in Sources */ = {isa = PBXBuildFile; fileRef = 1D37668D195F8735001117AB /* HomeViewController.m */; };
		1D376690195F8735001117AB /* HomeViewController.xib in Resources */ = {isa = PBXBuildFile; fileRef = 1D37668E195F8735001117AB /* HomeViewController.xib */; };
		1D376694195F875F001117AB /* SearchViewController.m in Sources */ = {isa = PBXBuildFile; fileRef = 1D376692195F875F001117AB /* SearchViewController.m */; };
		1D376695195F875F001117AB /* SearchViewController.xib in Resources */ = {isa = PBXBuildFile; fileRef = 1D376693195F875F001117AB /* SearchViewController.xib */; };
		1D376699195F877F001117AB /* ActivityViewController.m in Sources */ = {isa = PBXBuildFile; fileRef = 1D376697195F877F001117AB /* ActivityViewController.m */; };
		1D37669A195F877F001117AB /* ActivityViewController.xib in Resources */ = {isa = PBXBuildFile; fileRef = 1D376698195F877F001117AB /* ActivityViewController.xib */; };
		1D37669E195F879E001117AB /* AccountViewController.m in Sources */ = {isa = PBXBuildFile; fileRef = 1D37669C195F879E001117AB /* AccountViewController.m */; };
		1D37669F195F879E001117AB /* AccountViewController.xib in Resources */ = {isa = PBXBuildFile; fileRef = 1D37669D195F879E001117AB /* AccountViewController.xib */; };
		1D3766A3195F9738001117AB /* LoginViewController.m in Sources */ = {isa = PBXBuildFile; fileRef = 1D3766A1195F9738001117AB /* LoginViewController.m */; };
		1D3766A4195F9738001117AB /* LoginViewController.xib in Resources */ = {isa = PBXBuildFile; fileRef = 1D3766A2195F9738001117AB /* LoginViewController.xib */; };
		1D3766A8195FA990001117AB /* ComposeViewController.m in Sources */ = {isa = PBXBuildFile; fileRef = 1D3766A6195FA990001117AB /* ComposeViewController.m */; };
		1D3766A9195FA990001117AB /* ComposeViewController.xib in Resources */ = {isa = PBXBuildFile; fileRef = 1D3766A7195FA990001117AB /* ComposeViewController.xib */; };
/* End PBXBuildFile section */

/* Begin PBXContainerItemProxy section */
		1D376675195F8102001117AB /* PBXContainerItemProxy */ = {
			isa = PBXContainerItemProxy;
			containerPortal = 1D37664D195F8102001117AB /* Project object */;
			proxyType = 1;
			remoteGlobalIDString = 1D376654195F8102001117AB;
			remoteInfo = "hw4-tumblr";
		};
/* End PBXContainerItemProxy section */

/* Begin PBXFileReference section */
		1D376655195F8102001117AB /* hw4-tumblr.app */ = {isa = PBXFileReference; explicitFileType = wrapper.application; includeInIndex = 0; path = "hw4-tumblr.app"; sourceTree = BUILT_PRODUCTS_DIR; };
		1D376658195F8102001117AB /* Foundation.framework */ = {isa = PBXFileReference; lastKnownFileType = wrapper.framework; name = Foundation.framework; path = System/Library/Frameworks/Foundation.framework; sourceTree = SDKROOT; };
		1D37665A195F8102001117AB /* CoreGraphics.framework */ = {isa = PBXFileReference; lastKnownFileType = wrapper.framework; name = CoreGraphics.framework; path = System/Library/Frameworks/CoreGraphics.framework; sourceTree = SDKROOT; };
		1D37665C195F8102001117AB /* UIKit.framework */ = {isa = PBXFileReference; lastKnownFileType = wrapper.framework; name = UIKit.framework; path = System/Library/Frameworks/UIKit.framework; sourceTree = SDKROOT; };
		1D376660195F8102001117AB /* hw4-tumblr-Info.plist */ = {isa = PBXFileReference; lastKnownFileType = text.plist.xml; path = "hw4-tumblr-Info.plist"; sourceTree = "<group>"; };
		1D376662195F8102001117AB /* en */ = {isa = PBXFileReference; lastKnownFileType = text.plist.strings; name = en; path = en.lproj/InfoPlist.strings; sourceTree = "<group>"; };
		1D376664195F8102001117AB /* main.m */ = {isa = PBXFileReference; lastKnownFileType = sourcecode.c.objc; path = main.m; sourceTree = "<group>"; };
		1D376666195F8102001117AB /* hw4-tumblr-Prefix.pch */ = {isa = PBXFileReference; lastKnownFileType = sourcecode.c.h; path = "hw4-tumblr-Prefix.pch"; sourceTree = "<group>"; };
		1D376667195F8102001117AB /* AppDelegate.h */ = {isa = PBXFileReference; lastKnownFileType = sourcecode.c.h; path = AppDelegate.h; sourceTree = "<group>"; };
		1D376668195F8102001117AB /* AppDelegate.m */ = {isa = PBXFileReference; lastKnownFileType = sourcecode.c.objc; path = AppDelegate.m; sourceTree = "<group>"; };
		1D37666A195F8102001117AB /* Images.xcassets */ = {isa = PBXFileReference; lastKnownFileType = folder.assetcatalog; path = Images.xcassets; sourceTree = "<group>"; };
		1D376670195F8102001117AB /* hw4-tumblrTests.xctest */ = {isa = PBXFileReference; explicitFileType = wrapper.cfbundle; includeInIndex = 0; path = "hw4-tumblrTests.xctest"; sourceTree = BUILT_PRODUCTS_DIR; };
		1D376671195F8102001117AB /* XCTest.framework */ = {isa = PBXFileReference; lastKnownFileType = wrapper.framework; name = XCTest.framework; path = Library/Frameworks/XCTest.framework; sourceTree = DEVELOPER_DIR; };
		1D376679195F8102001117AB /* hw4-tumblrTests-Info.plist */ = {isa = PBXFileReference; lastKnownFileType = text.plist.xml; path = "hw4-tumblrTests-Info.plist"; sourceTree = "<group>"; };
		1D37667B195F8102001117AB /* en */ = {isa = PBXFileReference; lastKnownFileType = text.plist.strings; name = en; path = en.lproj/InfoPlist.strings; sourceTree = "<group>"; };
		1D37667D195F8102001117AB /* hw4_tumblrTests.m */ = {isa = PBXFileReference; lastKnownFileType = sourcecode.c.objc; path = hw4_tumblrTests.m; sourceTree = "<group>"; };
		1D376687195F8136001117AB /* TabViewController.h */ = {isa = PBXFileReference; fileEncoding = 4; lastKnownFileType = sourcecode.c.h; path = TabViewController.h; sourceTree = "<group>"; };
		1D376688195F8136001117AB /* TabViewController.m */ = {isa = PBXFileReference; fileEncoding = 4; lastKnownFileType = sourcecode.c.objc; path = TabViewController.m; sourceTree = "<group>"; };
		1D376689195F8136001117AB /* TabViewController.xib */ = {isa = PBXFileReference; fileEncoding = 4; lastKnownFileType = file.xib; path = TabViewController.xib; sourceTree = "<group>"; };
		1D37668C195F8735001117AB /* HomeViewController.h */ = {isa = PBXFileReference; fileEncoding = 4; lastKnownFileType = sourcecode.c.h; path = HomeViewController.h; sourceTree = "<group>"; };
		1D37668D195F8735001117AB /* HomeViewController.m */ = {isa = PBXFileReference; fileEncoding = 4; lastKnownFileType = sourcecode.c.objc; path = HomeViewController.m; sourceTree = "<group>"; };
		1D37668E195F8735001117AB /* HomeViewController.xib */ = {isa = PBXFileReference; fileEncoding = 4; lastKnownFileType = file.xib; path = HomeViewController.xib; sourceTree = "<group>"; };
		1D376691195F875F001117AB /* SearchViewController.h */ = {isa = PBXFileReference; fileEncoding = 4; lastKnownFileType = sourcecode.c.h; path = SearchViewController.h; sourceTree = "<group>"; };
		1D376692195F875F001117AB /* SearchViewController.m */ = {isa = PBXFileReference; fileEncoding = 4; lastKnownFileType = sourcecode.c.objc; path = SearchViewController.m; sourceTree = "<group>"; };
		1D376693195F875F001117AB /* SearchViewController.xib */ = {isa = PBXFileReference; fileEncoding = 4; lastKnownFileType = file.xib; path = SearchViewController.xib; sourceTree = "<group>"; };
		1D376696195F877F001117AB /* ActivityViewController.h */ = {isa = PBXFileReference; fileEncoding = 4; lastKnownFileType = sourcecode.c.h; path = ActivityViewController.h; sourceTree = "<group>"; };
		1D376697195F877F001117AB /* ActivityViewController.m */ = {isa = PBXFileReference; fileEncoding = 4; lastKnownFileType = sourcecode.c.objc; path = ActivityViewController.m; sourceTree = "<group>"; };
		1D376698195F877F001117AB /* ActivityViewController.xib */ = {isa = PBXFileReference; fileEncoding = 4; lastKnownFileType = file.xib; path = ActivityViewController.xib; sourceTree = "<group>"; };
		1D37669B195F879E001117AB /* AccountViewController.h */ = {isa = PBXFileReference; fileEncoding = 4; lastKnownFileType = sourcecode.c.h; path = AccountViewController.h; sourceTree = "<group>"; };
		1D37669C195F879E001117AB /* AccountViewController.m */ = {isa = PBXFileReference; fileEncoding = 4; lastKnownFileType = sourcecode.c.objc; path = AccountViewController.m; sourceTree = "<group>"; };
		1D37669D195F879E001117AB /* AccountViewController.xib */ = {isa = PBXFileReference; fileEncoding = 4; lastKnownFileType = file.xib; path = AccountViewController.xib; sourceTree = "<group>"; };
		1D3766A0195F9738001117AB /* LoginViewController.h */ = {isa = PBXFileReference; fileEncoding = 4; lastKnownFileType = sourcecode.c.h; path = LoginViewController.h; sourceTree = "<group>"; };
		1D3766A1195F9738001117AB /* LoginViewController.m */ = {isa = PBXFileReference; fileEncoding = 4; lastKnownFileType = sourcecode.c.objc; path = LoginViewController.m; sourceTree = "<group>"; };
		1D3766A2195F9738001117AB /* LoginViewController.xib */ = {isa = PBXFileReference; fileEncoding = 4; lastKnownFileType = file.xib; path = LoginViewController.xib; sourceTree = "<group>"; };
		1D3766A5195FA990001117AB /* ComposeViewController.h */ = {isa = PBXFileReference; fileEncoding = 4; lastKnownFileType = sourcecode.c.h; path = ComposeViewController.h; sourceTree = "<group>"; };
		1D3766A6195FA990001117AB /* ComposeViewController.m */ = {isa = PBXFileReference; fileEncoding = 4; lastKnownFileType = sourcecode.c.objc; path = ComposeViewController.m; sourceTree = "<group>"; };
		1D3766A7195FA990001117AB /* ComposeViewController.xib */ = {isa = PBXFileReference; fileEncoding = 4; lastKnownFileType = file.xib; path = ComposeViewController.xib; sourceTree = "<group>"; };
/* End PBXFileReference section */

/* Begin PBXFrameworksBuildPhase section */
		1D376652195F8102001117AB /* Frameworks */ = {
			isa = PBXFrameworksBuildPhase;
			buildActionMask = 2147483647;
			files = (
				1D37665B195F8102001117AB /* CoreGraphics.framework in Frameworks */,
				1D37665D195F8102001117AB /* UIKit.framework in Frameworks */,
				1D376659195F8102001117AB /* Foundation.framework in Frameworks */,
			);
			runOnlyForDeploymentPostprocessing = 0;
		};
		1D37666D195F8102001117AB /* Frameworks */ = {
			isa = PBXFrameworksBuildPhase;
			buildActionMask = 2147483647;
			files = (
				1D376672195F8102001117AB /* XCTest.framework in Frameworks */,
				1D376674195F8102001117AB /* UIKit.framework in Frameworks */,
				1D376673195F8102001117AB /* Foundation.framework in Frameworks */,
			);
			runOnlyForDeploymentPostprocessing = 0;
		};
/* End PBXFrameworksBuildPhase section */

/* Begin PBXGroup section */
		1D37664C195F8102001117AB = {
			isa = PBXGroup;
			children = (
				1D37665E195F8102001117AB /* hw4-tumblr */,
				1D376677195F8102001117AB /* hw4-tumblrTests */,
				1D376657195F8102001117AB /* Frameworks */,
				1D376656195F8102001117AB /* Products */,
			);
			sourceTree = "<group>";
		};
		1D376656195F8102001117AB /* Products */ = {
			isa = PBXGroup;
			children = (
				1D376655195F8102001117AB /* hw4-tumblr.app */,
				1D376670195F8102001117AB /* hw4-tumblrTests.xctest */,
			);
			name = Products;
			sourceTree = "<group>";
		};
		1D376657195F8102001117AB /* Frameworks */ = {
			isa = PBXGroup;
			children = (
				1D376658195F8102001117AB /* Foundation.framework */,
				1D37665A195F8102001117AB /* CoreGraphics.framework */,
				1D37665C195F8102001117AB /* UIKit.framework */,
				1D376671195F8102001117AB /* XCTest.framework */,
			);
			name = Frameworks;
			sourceTree = "<group>";
		};
		1D37665E195F8102001117AB /* hw4-tumblr */ = {
			isa = PBXGroup;
			children = (
				1D376667195F8102001117AB /* AppDelegate.h */,
				1D376668195F8102001117AB /* AppDelegate.m */,
				1D37666A195F8102001117AB /* Images.xcassets */,
				1D37665F195F8102001117AB /* Supporting Files */,
				1D376687195F8136001117AB /* TabViewController.h */,
				1D376688195F8136001117AB /* TabViewController.m */,
				1D376689195F8136001117AB /* TabViewController.xib */,
				1D37668C195F8735001117AB /* HomeViewController.h */,
				1D37668D195F8735001117AB /* HomeViewController.m */,
				1D37668E195F8735001117AB /* HomeViewController.xib */,
				1D376691195F875F001117AB /* SearchViewController.h */,
				1D376692195F875F001117AB /* SearchViewController.m */,
				1D376693195F875F001117AB /* SearchViewController.xib */,
				1D376696195F877F001117AB /* ActivityViewController.h */,
				1D376697195F877F001117AB /* ActivityViewController.m */,
				1D376698195F877F001117AB /* ActivityViewController.xib */,
				1D37669B195F879E001117AB /* AccountViewController.h */,
				1D37669C195F879E001117AB /* AccountViewController.m */,
				1D37669D195F879E001117AB /* AccountViewController.xib */,
				1D3766A0195F9738001117AB /* LoginViewController.h */,
				1D3766A1195F9738001117AB /* LoginViewController.m */,
				1D3766A2195F9738001117AB /* LoginViewController.xib */,
				1D3766A5195FA990001117AB /* ComposeViewController.h */,
				1D3766A6195FA990001117AB /* ComposeViewController.m */,
				1D3766A7195FA990001117AB /* ComposeViewController.xib */,
			);
			path = "hw4-tumblr";
			sourceTree = "<group>";
		};
		1D37665F195F8102001117AB /* Supporting Files */ = {
			isa = PBXGroup;
			children = (
				1D376660195F8102001117AB /* hw4-tumblr-Info.plist */,
				1D376661195F8102001117AB /* InfoPlist.strings */,
				1D376664195F8102001117AB /* main.m */,
				1D376666195F8102001117AB /* hw4-tumblr-Prefix.pch */,
			);
			name = "Supporting Files";
			sourceTree = "<group>";
		};
		1D376677195F8102001117AB /* hw4-tumblrTests */ = {
			isa = PBXGroup;
			children = (
				1D37667D195F8102001117AB /* hw4_tumblrTests.m */,
				1D376678195F8102001117AB /* Supporting Files */,
			);
			path = "hw4-tumblrTests";
			sourceTree = "<group>";
		};
		1D376678195F8102001117AB /* Supporting Files */ = {
			isa = PBXGroup;
			children = (
				1D376679195F8102001117AB /* hw4-tumblrTests-Info.plist */,
				1D37667A195F8102001117AB /* InfoPlist.strings */,
			);
			name = "Supporting Files";
			sourceTree = "<group>";
		};
/* End PBXGroup section */

/* Begin PBXNativeTarget section */
		1D376654195F8102001117AB /* hw4-tumblr */ = {
			isa = PBXNativeTarget;
			buildConfigurationList = 1D376681195F8102001117AB /* Build configuration list for PBXNativeTarget "hw4-tumblr" */;
			buildPhases = (
				1D376651195F8102001117AB /* Sources */,
				1D376652195F8102001117AB /* Frameworks */,
				1D376653195F8102001117AB /* Resources */,
			);
			buildRules = (
			);
			dependencies = (
			);
			name = "hw4-tumblr";
			productName = "hw4-tumblr";
			productReference = 1D376655195F8102001117AB /* hw4-tumblr.app */;
			productType = "com.apple.product-type.application";
		};
		1D37666F195F8102001117AB /* hw4-tumblrTests */ = {
			isa = PBXNativeTarget;
			buildConfigurationList = 1D376684195F8102001117AB /* Build configuration list for PBXNativeTarget "hw4-tumblrTests" */;
			buildPhases = (
				1D37666C195F8102001117AB /* Sources */,
				1D37666D195F8102001117AB /* Frameworks */,
				1D37666E195F8102001117AB /* Resources */,
			);
			buildRules = (
			);
			dependencies = (
				1D376676195F8102001117AB /* PBXTargetDependency */,
			);
			name = "hw4-tumblrTests";
			productName = "hw4-tumblrTests";
			productReference = 1D376670195F8102001117AB /* hw4-tumblrTests.xctest */;
			productType = "com.apple.product-type.bundle.unit-test";
		};
/* End PBXNativeTarget section */

/* Begin PBXProject section */
		1D37664D195F8102001117AB /* Project object */ = {
			isa = PBXProject;
			attributes = {
				LastUpgradeCheck = 0510;
				ORGANIZATIONNAME = "Brian Kobashikawa";
				TargetAttributes = {
					1D37666F195F8102001117AB = {
						TestTargetID = 1D376654195F8102001117AB;
					};
				};
			};
			buildConfigurationList = 1D376650195F8102001117AB /* Build configuration list for PBXProject "hw4-tumblr" */;
			compatibilityVersion = "Xcode 3.2";
			developmentRegion = English;
			hasScannedForEncodings = 0;
			knownRegions = (
				en,
			);
			mainGroup = 1D37664C195F8102001117AB;
			productRefGroup = 1D376656195F8102001117AB /* Products */;
			projectDirPath = "";
			projectRoot = "";
			targets = (
				1D376654195F8102001117AB /* hw4-tumblr */,
				1D37666F195F8102001117AB /* hw4-tumblrTests */,
			);
		};
/* End PBXProject section */

/* Begin PBXResourcesBuildPhase section */
		1D376653195F8102001117AB /* Resources */ = {
			isa = PBXResourcesBuildPhase;
			buildActionMask = 2147483647;
			files = (
				1D3766A4195F9738001117AB /* LoginViewController.xib in Resources */,
				1D3766A9195FA990001117AB /* ComposeViewController.xib in Resources */,
				1D376663195F8102001117AB /* InfoPlist.strings in Resources */,
				1D37669F195F879E001117AB /* AccountViewController.xib in Resources */,
				1D37666B195F8102001117AB /* Images.xcassets in Resources */,
				1D37668B195F8136001117AB /* TabViewController.xib in Resources */,
				1D37669A195F877F001117AB /* ActivityViewController.xib in Resources */,
				1D376695195F875F001117AB /* SearchViewController.xib in Resources */,
				1D376690195F8735001117AB /* HomeViewController.xib in Resources */,
			);
			runOnlyForDeploymentPostprocessing = 0;
		};
		1D37666E195F8102001117AB /* Resources */ = {
			isa = PBXResourcesBuildPhase;
			buildActionMask = 2147483647;
			files = (
				1D37667C195F8102001117AB /* InfoPlist.strings in Resources */,
			);
			runOnlyForDeploymentPostprocessing = 0;
		};
/* End PBXResourcesBuildPhase section */

/* Begin PBXSourcesBuildPhase section */
		1D376651195F8102001117AB /* Sources */ = {
			isa = PBXSourcesBuildPhase;
			buildActionMask = 2147483647;
			files = (
				1D3766A3195F9738001117AB /* LoginViewController.m in Sources */,
				1D37668A195F8136001117AB /* TabViewController.m in Sources */,
				1D376699195F877F001117AB /* ActivityViewController.m in Sources */,
				1D3766A8195FA990001117AB /* ComposeViewController.m in Sources */,
				1D37669E195F879E001117AB /* AccountViewController.m in Sources */,
				1D376669195F8102001117AB /* AppDelegate.m in Sources */,
				1D376694195F875F001117AB /* SearchViewController.m in Sources */,
				1D376665195F8102001117AB /* main.m in Sources */,
				1D37668F195F8735001117AB /* HomeViewController.m in Sources */,
			);
			runOnlyForDeploymentPostprocessing = 0;
		};
		1D37666C195F8102001117AB /* Sources */ = {
			isa = PBXSourcesBuildPhase;
			buildActionMask = 2147483647;
			files = (
				1D37667E195F8102001117AB /* hw4_tumblrTests.m in Sources */,
			);
			runOnlyForDeploymentPostprocessing = 0;
		};
/* End PBXSourcesBuildPhase section */

/* Begin PBXTargetDependency section */
		1D376676195F8102001117AB /* PBXTargetDependency */ = {
			isa = PBXTargetDependency;
			target = 1D376654195F8102001117AB /* hw4-tumblr */;
			targetProxy = 1D376675195F8102001117AB /* PBXContainerItemProxy */;
		};
/* End PBXTargetDependency section */

/* Begin PBXVariantGroup section */
		1D376661195F8102001117AB /* InfoPlist.strings */ = {
			isa = PBXVariantGroup;
			children = (
				1D376662195F8102001117AB /* en */,
			);
			name = InfoPlist.strings;
			sourceTree = "<group>";
		};
		1D37667A195F8102001117AB /* InfoPlist.strings */ = {
			isa = PBXVariantGroup;
			children = (
				1D37667B195F8102001117AB /* en */,
			);
			name = InfoPlist.strings;
			sourceTree = "<group>";
		};
/* End PBXVariantGroup section */

/* Begin XCBuildConfiguration section */
		1D37667F195F8102001117AB /* Debug */ = {
			isa = XCBuildConfiguration;
			buildSettings = {
				ALWAYS_SEARCH_USER_PATHS = NO;
				CLANG_CXX_LANGUAGE_STANDARD = "gnu++0x";
				CLANG_CXX_LIBRARY = "libc++";
				CLANG_ENABLE_MODULES = YES;
				CLANG_ENABLE_OBJC_ARC = YES;
				CLANG_WARN_BOOL_CONVERSION = YES;
				CLANG_WARN_CONSTANT_CONVERSION = YES;
				CLANG_WARN_DIRECT_OBJC_ISA_USAGE = YES_ERROR;
				CLANG_WARN_EMPTY_BODY = YES;
				CLANG_WARN_ENUM_CONVERSION = YES;
				CLANG_WARN_INT_CONVERSION = YES;
				CLANG_WARN_OBJC_ROOT_CLASS = YES_ERROR;
				CLANG_WARN__DUPLICATE_METHOD_MATCH = YES;
				"CODE_SIGN_IDENTITY[sdk=iphoneos*]" = "iPhone Developer";
				COPY_PHASE_STRIP = NO;
				GCC_C_LANGUAGE_STANDARD = gnu99;
				GCC_DYNAMIC_NO_PIC = NO;
				GCC_OPTIMIZATION_LEVEL = 0;
				GCC_PREPROCESSOR_DEFINITIONS = (
					"DEBUG=1",
					"$(inherited)",
				);
				GCC_SYMBOLS_PRIVATE_EXTERN = NO;
				GCC_WARN_64_TO_32_BIT_CONVERSION = YES;
				GCC_WARN_ABOUT_RETURN_TYPE = YES_ERROR;
				GCC_WARN_UNDECLARED_SELECTOR = YES;
				GCC_WARN_UNINITIALIZED_AUTOS = YES_AGGRESSIVE;
				GCC_WARN_UNUSED_FUNCTION = YES;
				GCC_WARN_UNUSED_VARIABLE = YES;
				IPHONEOS_DEPLOYMENT_TARGET = 7.1;
				ONLY_ACTIVE_ARCH = YES;
				SDKROOT = iphoneos;
			};
			name = Debug;
		};
		1D376680195F8102001117AB /* Release */ = {
			isa = XCBuildConfiguration;
			buildSettings = {
				ALWAYS_SEARCH_USER_PATHS = NO;
				CLANG_CXX_LANGUAGE_STANDARD = "gnu++0x";
				CLANG_CXX_LIBRARY = "libc++";
				CLANG_ENABLE_MODULES = YES;
				CLANG_ENABLE_OBJC_ARC = YES;
				CLANG_WARN_BOOL_CONVERSION = YES;
				CLANG_WARN_CONSTANT_CONVERSION = YES;
				CLANG_WARN_DIRECT_OBJC_ISA_USAGE = YES_ERROR;
				CLANG_WARN_EMPTY_BODY = YES;
				CLANG_WARN_ENUM_CONVERSION = YES;
				CLANG_WARN_INT_CONVERSION = YES;
				CLANG_WARN_OBJC_ROOT_CLASS = YES_ERROR;
				CLANG_WARN__DUPLICATE_METHOD_MATCH = YES;
				"CODE_SIGN_IDENTITY[sdk=iphoneos*]" = "iPhone Developer";
				COPY_PHASE_STRIP = YES;
				ENABLE_NS_ASSERTIONS = NO;
				GCC_C_LANGUAGE_STANDARD = gnu99;
				GCC_WARN_64_TO_32_BIT_CONVERSION = YES;
				GCC_WARN_ABOUT_RETURN_TYPE = YES_ERROR;
				GCC_WARN_UNDECLARED_SELECTOR = YES;
				GCC_WARN_UNINITIALIZED_AUTOS = YES_AGGRESSIVE;
				GCC_WARN_UNUSED_FUNCTION = YES;
				GCC_WARN_UNUSED_VARIABLE = YES;
				IPHONEOS_DEPLOYMENT_TARGET = 7.1;
				SDKROOT = iphoneos;
				VALIDATE_PRODUCT = YES;
			};
			name = Release;
		};
		1D376682195F8102001117AB /* Debug */ = {
			isa = XCBuildConfiguration;
			buildSettings = {
				ASSETCATALOG_COMPILER_APPICON_NAME = AppIcon;
				ASSETCATALOG_COMPILER_LAUNCHIMAGE_NAME = LaunchImage;
				GCC_PRECOMPILE_PREFIX_HEADER = YES;
				GCC_PREFIX_HEADER = "hw4-tumblr/hw4-tumblr-Prefix.pch";
				INFOPLIST_FILE = "hw4-tumblr/hw4-tumblr-Info.plist";
				PRODUCT_NAME = "$(TARGET_NAME)";
				WRAPPER_EXTENSION = app;
			};
			name = Debug;
		};
		1D376683195F8102001117AB /* Release */ = {
			isa = XCBuildConfiguration;
			buildSettings = {
				ASSETCATALOG_COMPILER_APPICON_NAME = AppIcon;
				ASSETCATALOG_COMPILER_LAUNCHIMAGE_NAME = LaunchImage;
				GCC_PRECOMPILE_PREFIX_HEADER = YES;
				GCC_PREFIX_HEADER = "hw4-tumblr/hw4-tumblr-Prefix.pch";
				INFOPLIST_FILE = "hw4-tumblr/hw4-tumblr-Info.plist";
				PRODUCT_NAME = "$(TARGET_NAME)";
				WRAPPER_EXTENSION = app;
			};
			name = Release;
		};
		1D376685195F8102001117AB /* Debug */ = {
			isa = XCBuildConfiguration;
			buildSettings = {
				BUNDLE_LOADER = "$(BUILT_PRODUCTS_DIR)/hw4-tumblr.app/hw4-tumblr";
				FRAMEWORK_SEARCH_PATHS = (
					"$(SDKROOT)/Developer/Library/Frameworks",
					"$(inherited)",
					"$(DEVELOPER_FRAMEWORKS_DIR)",
				);
				GCC_PRECOMPILE_PREFIX_HEADER = YES;
				GCC_PREFIX_HEADER = "hw4-tumblr/hw4-tumblr-Prefix.pch";
				GCC_PREPROCESSOR_DEFINITIONS = (
					"DEBUG=1",
					"$(inherited)",
				);
				INFOPLIST_FILE = "hw4-tumblrTests/hw4-tumblrTests-Info.plist";
				PRODUCT_NAME = "$(TARGET_NAME)";
				TEST_HOST = "$(BUNDLE_LOADER)";
				WRAPPER_EXTENSION = xctest;
			};
			name = Debug;
		};
		1D376686195F8102001117AB /* Release */ = {
			isa = XCBuildConfiguration;
			buildSettings = {
				BUNDLE_LOADER = "$(BUILT_PRODUCTS_DIR)/hw4-tumblr.app/hw4-tumblr";
				FRAMEWORK_SEARCH_PATHS = (
					"$(SDKROOT)/Developer/Library/Frameworks",
					"$(inherited)",
					"$(DEVELOPER_FRAMEWORKS_DIR)",
				);
				GCC_PRECOMPILE_PREFIX_HEADER = YES;
				GCC_PREFIX_HEADER = "hw4-tumblr/hw4-tumblr-Prefix.pch";
				INFOPLIST_FILE = "hw4-tumblrTests/hw4-tumblrTests-Info.plist";
				PRODUCT_NAME = "$(TARGET_NAME)";
				TEST_HOST = "$(BUNDLE_LOADER)";
				WRAPPER_EXTENSION = xctest;
			};
			name = Release;
		};
/* End XCBuildConfiguration section */

/* Begin XCConfigurationList section */
		1D376650195F8102001117AB /* Build configuration list for PBXProject "hw4-tumblr" */ = {
			isa = XCConfigurationList;
			buildConfigurations = (
				1D37667F195F8102001117AB /* Debug */,
				1D376680195F8102001117AB /* Release */,
			);
			defaultConfigurationIsVisible = 0;
			defaultConfigurationName = Release;
		};
		1D376681195F8102001117AB /* Build configuration list for PBXNativeTarget "hw4-tumblr" */ = {
			isa = XCConfigurationList;
			buildConfigurations = (
				1D376682195F8102001117AB /* Debug */,
				1D376683195F8102001117AB /* Release */,
			);
			defaultConfigurationIsVisible = 0;
		};
		1D376684195F8102001117AB /* Build configuration list for PBXNativeTarget "hw4-tumblrTests" */ = {
			isa = XCConfigurationList;
			buildConfigurations = (
				1D376685195F8102001117AB /* Debug */,
				1D376686195F8102001117AB /* Release */,
			);
			defaultConfigurationIsVisible = 0;
		};
/* End XCConfigurationList section */
	};
	rootObject = 1D37664D195F8102001117AB /* Project object */;
}
