// !$*UTF8*$!
{
	archiveVersion = 1;
	classes = {
	};
	objectVersion = 46;
	objects = {

/* Begin PBXBuildFile section */
		1D2C3D4D1954BCE5005CA00A /* Foundation.framework in Frameworks */ = {isa = PBXBuildFile; fileRef = 1D2C3D4C1954BCE5005CA00A /* Foundation.framework */; };
		1D2C3D4F1954BCE5005CA00A /* CoreGraphics.framework in Frameworks */ = {isa = PBXBuildFile; fileRef = 1D2C3D4E1954BCE5005CA00A /* CoreGraphics.framework */; };
		1D2C3D511954BCE5005CA00A /* UIKit.framework in Frameworks */ = {isa = PBXBuildFile; fileRef = 1D2C3D501954BCE5005CA00A /* UIKit.framework */; };
		1D2C3D571954BCE5005CA00A /* InfoPlist.strings in Resources */ = {isa = PBXBuildFile; fileRef = 1D2C3D551954BCE5005CA00A /* InfoPlist.strings */; };
		1D2C3D591954BCE5005CA00A /* main.m in Sources */ = {isa = PBXBuildFile; fileRef = 1D2C3D581954BCE5005CA00A /* main.m */; };
		1D2C3D5D1954BCE5005CA00A /* AppDelegate.m in Sources */ = {isa = PBXBuildFile; fileRef = 1D2C3D5C1954BCE5005CA00A /* AppDelegate.m */; };
		1D2C3D5F1954BCE5005CA00A /* Images.xcassets in Resources */ = {isa = PBXBuildFile; fileRef = 1D2C3D5E1954BCE5005CA00A /* Images.xcassets */; };
		1D2C3D661954BCE5005CA00A /* XCTest.framework in Frameworks */ = {isa = PBXBuildFile; fileRef = 1D2C3D651954BCE5005CA00A /* XCTest.framework */; };
		1D2C3D671954BCE5005CA00A /* Foundation.framework in Frameworks */ = {isa = PBXBuildFile; fileRef = 1D2C3D4C1954BCE5005CA00A /* Foundation.framework */; };
		1D2C3D681954BCE5005CA00A /* UIKit.framework in Frameworks */ = {isa = PBXBuildFile; fileRef = 1D2C3D501954BCE5005CA00A /* UIKit.framework */; };
		1D2C3D701954BCE5005CA00A /* InfoPlist.strings in Resources */ = {isa = PBXBuildFile; fileRef = 1D2C3D6E1954BCE5005CA00A /* InfoPlist.strings */; };
		1D2C3D721954BCE5005CA00A /* hw3_fbpaperTests.m in Sources */ = {isa = PBXBuildFile; fileRef = 1D2C3D711954BCE5005CA00A /* hw3_fbpaperTests.m */; };
		1D2C3D7E1954BD3C005CA00A /* PaperViewController.m in Sources */ = {isa = PBXBuildFile; fileRef = 1D2C3D7C1954BD3C005CA00A /* PaperViewController.m */; };
		1D2C3D7F1954BD3C005CA00A /* PaperViewController.xib in Resources */ = {isa = PBXBuildFile; fileRef = 1D2C3D7D1954BD3C005CA00A /* PaperViewController.xib */; };
/* End PBXBuildFile section */

/* Begin PBXContainerItemProxy section */
		1D2C3D691954BCE5005CA00A /* PBXContainerItemProxy */ = {
			isa = PBXContainerItemProxy;
			containerPortal = 1D2C3D411954BCE5005CA00A /* Project object */;
			proxyType = 1;
			remoteGlobalIDString = 1D2C3D481954BCE5005CA00A;
			remoteInfo = "hw3-fbpaper";
		};
/* End PBXContainerItemProxy section */

/* Begin PBXFileReference section */
		1D2C3D491954BCE5005CA00A /* hw3-fbpaper.app */ = {isa = PBXFileReference; explicitFileType = wrapper.application; includeInIndex = 0; path = "hw3-fbpaper.app"; sourceTree = BUILT_PRODUCTS_DIR; };
		1D2C3D4C1954BCE5005CA00A /* Foundation.framework */ = {isa = PBXFileReference; lastKnownFileType = wrapper.framework; name = Foundation.framework; path = System/Library/Frameworks/Foundation.framework; sourceTree = SDKROOT; };
		1D2C3D4E1954BCE5005CA00A /* CoreGraphics.framework */ = {isa = PBXFileReference; lastKnownFileType = wrapper.framework; name = CoreGraphics.framework; path = System/Library/Frameworks/CoreGraphics.framework; sourceTree = SDKROOT; };
		1D2C3D501954BCE5005CA00A /* UIKit.framework */ = {isa = PBXFileReference; lastKnownFileType = wrapper.framework; name = UIKit.framework; path = System/Library/Frameworks/UIKit.framework; sourceTree = SDKROOT; };
		1D2C3D541954BCE5005CA00A /* hw3-fbpaper-Info.plist */ = {isa = PBXFileReference; lastKnownFileType = text.plist.xml; path = "hw3-fbpaper-Info.plist"; sourceTree = "<group>"; };
		1D2C3D561954BCE5005CA00A /* en */ = {isa = PBXFileReference; lastKnownFileType = text.plist.strings; name = en; path = en.lproj/InfoPlist.strings; sourceTree = "<group>"; };
		1D2C3D581954BCE5005CA00A /* main.m */ = {isa = PBXFileReference; lastKnownFileType = sourcecode.c.objc; path = main.m; sourceTree = "<group>"; };
		1D2C3D5A1954BCE5005CA00A /* hw3-fbpaper-Prefix.pch */ = {isa = PBXFileReference; lastKnownFileType = sourcecode.c.h; path = "hw3-fbpaper-Prefix.pch"; sourceTree = "<group>"; };
		1D2C3D5B1954BCE5005CA00A /* AppDelegate.h */ = {isa = PBXFileReference; lastKnownFileType = sourcecode.c.h; path = AppDelegate.h; sourceTree = "<group>"; };
		1D2C3D5C1954BCE5005CA00A /* AppDelegate.m */ = {isa = PBXFileReference; lastKnownFileType = sourcecode.c.objc; path = AppDelegate.m; sourceTree = "<group>"; };
		1D2C3D5E1954BCE5005CA00A /* Images.xcassets */ = {isa = PBXFileReference; lastKnownFileType = folder.assetcatalog; path = Images.xcassets; sourceTree = "<group>"; };
		1D2C3D641954BCE5005CA00A /* hw3-fbpaperTests.xctest */ = {isa = PBXFileReference; explicitFileType = wrapper.cfbundle; includeInIndex = 0; path = "hw3-fbpaperTests.xctest"; sourceTree = BUILT_PRODUCTS_DIR; };
		1D2C3D651954BCE5005CA00A /* XCTest.framework */ = {isa = PBXFileReference; lastKnownFileType = wrapper.framework; name = XCTest.framework; path = Library/Frameworks/XCTest.framework; sourceTree = DEVELOPER_DIR; };
		1D2C3D6D1954BCE5005CA00A /* hw3-fbpaperTests-Info.plist */ = {isa = PBXFileReference; lastKnownFileType = text.plist.xml; path = "hw3-fbpaperTests-Info.plist"; sourceTree = "<group>"; };
		1D2C3D6F1954BCE5005CA00A /* en */ = {isa = PBXFileReference; lastKnownFileType = text.plist.strings; name = en; path = en.lproj/InfoPlist.strings; sourceTree = "<group>"; };
		1D2C3D711954BCE5005CA00A /* hw3_fbpaperTests.m */ = {isa = PBXFileReference; lastKnownFileType = sourcecode.c.objc; path = hw3_fbpaperTests.m; sourceTree = "<group>"; };
		1D2C3D7B1954BD3C005CA00A /* PaperViewController.h */ = {isa = PBXFileReference; fileEncoding = 4; lastKnownFileType = sourcecode.c.h; path = PaperViewController.h; sourceTree = "<group>"; };
		1D2C3D7C1954BD3C005CA00A /* PaperViewController.m */ = {isa = PBXFileReference; fileEncoding = 4; lastKnownFileType = sourcecode.c.objc; path = PaperViewController.m; sourceTree = "<group>"; };
		1D2C3D7D1954BD3C005CA00A /* PaperViewController.xib */ = {isa = PBXFileReference; fileEncoding = 4; lastKnownFileType = file.xib; path = PaperViewController.xib; sourceTree = "<group>"; };
/* End PBXFileReference section */

/* Begin PBXFrameworksBuildPhase section */
		1D2C3D461954BCE5005CA00A /* Frameworks */ = {
			isa = PBXFrameworksBuildPhase;
			buildActionMask = 2147483647;
			files = (
				1D2C3D4F1954BCE5005CA00A /* CoreGraphics.framework in Frameworks */,
				1D2C3D511954BCE5005CA00A /* UIKit.framework in Frameworks */,
				1D2C3D4D1954BCE5005CA00A /* Foundation.framework in Frameworks */,
			);
			runOnlyForDeploymentPostprocessing = 0;
		};
		1D2C3D611954BCE5005CA00A /* Frameworks */ = {
			isa = PBXFrameworksBuildPhase;
			buildActionMask = 2147483647;
			files = (
				1D2C3D661954BCE5005CA00A /* XCTest.framework in Frameworks */,
				1D2C3D681954BCE5005CA00A /* UIKit.framework in Frameworks */,
				1D2C3D671954BCE5005CA00A /* Foundation.framework in Frameworks */,
			);
			runOnlyForDeploymentPostprocessing = 0;
		};
/* End PBXFrameworksBuildPhase section */

/* Begin PBXGroup section */
		1D2C3D401954BCE5005CA00A = {
			isa = PBXGroup;
			children = (
				1D2C3D521954BCE5005CA00A /* hw3-fbpaper */,
				1D2C3D6B1954BCE5005CA00A /* hw3-fbpaperTests */,
				1D2C3D4B1954BCE5005CA00A /* Frameworks */,
				1D2C3D4A1954BCE5005CA00A /* Products */,
			);
			sourceTree = "<group>";
		};
		1D2C3D4A1954BCE5005CA00A /* Products */ = {
			isa = PBXGroup;
			children = (
				1D2C3D491954BCE5005CA00A /* hw3-fbpaper.app */,
				1D2C3D641954BCE5005CA00A /* hw3-fbpaperTests.xctest */,
			);
			name = Products;
			sourceTree = "<group>";
		};
		1D2C3D4B1954BCE5005CA00A /* Frameworks */ = {
			isa = PBXGroup;
			children = (
				1D2C3D4C1954BCE5005CA00A /* Foundation.framework */,
				1D2C3D4E1954BCE5005CA00A /* CoreGraphics.framework */,
				1D2C3D501954BCE5005CA00A /* UIKit.framework */,
				1D2C3D651954BCE5005CA00A /* XCTest.framework */,
			);
			name = Frameworks;
			sourceTree = "<group>";
		};
		1D2C3D521954BCE5005CA00A /* hw3-fbpaper */ = {
			isa = PBXGroup;
			children = (
				1D2C3D5B1954BCE5005CA00A /* AppDelegate.h */,
				1D2C3D5C1954BCE5005CA00A /* AppDelegate.m */,
				1D2C3D5E1954BCE5005CA00A /* Images.xcassets */,
				1D2C3D531954BCE5005CA00A /* Supporting Files */,
				1D2C3D7B1954BD3C005CA00A /* PaperViewController.h */,
				1D2C3D7C1954BD3C005CA00A /* PaperViewController.m */,
				1D2C3D7D1954BD3C005CA00A /* PaperViewController.xib */,
			);
			path = "hw3-fbpaper";
			sourceTree = "<group>";
		};
		1D2C3D531954BCE5005CA00A /* Supporting Files */ = {
			isa = PBXGroup;
			children = (
				1D2C3D541954BCE5005CA00A /* hw3-fbpaper-Info.plist */,
				1D2C3D551954BCE5005CA00A /* InfoPlist.strings */,
				1D2C3D581954BCE5005CA00A /* main.m */,
				1D2C3D5A1954BCE5005CA00A /* hw3-fbpaper-Prefix.pch */,
			);
			name = "Supporting Files";
			sourceTree = "<group>";
		};
		1D2C3D6B1954BCE5005CA00A /* hw3-fbpaperTests */ = {
			isa = PBXGroup;
			children = (
				1D2C3D711954BCE5005CA00A /* hw3_fbpaperTests.m */,
				1D2C3D6C1954BCE5005CA00A /* Supporting Files */,
			);
			path = "hw3-fbpaperTests";
			sourceTree = "<group>";
		};
		1D2C3D6C1954BCE5005CA00A /* Supporting Files */ = {
			isa = PBXGroup;
			children = (
				1D2C3D6D1954BCE5005CA00A /* hw3-fbpaperTests-Info.plist */,
				1D2C3D6E1954BCE5005CA00A /* InfoPlist.strings */,
			);
			name = "Supporting Files";
			sourceTree = "<group>";
		};
/* End PBXGroup section */

/* Begin PBXNativeTarget section */
		1D2C3D481954BCE5005CA00A /* hw3-fbpaper */ = {
			isa = PBXNativeTarget;
			buildConfigurationList = 1D2C3D751954BCE6005CA00A /* Build configuration list for PBXNativeTarget "hw3-fbpaper" */;
			buildPhases = (
				1D2C3D451954BCE5005CA00A /* Sources */,
				1D2C3D461954BCE5005CA00A /* Frameworks */,
				1D2C3D471954BCE5005CA00A /* Resources */,
			);
			buildRules = (
			);
			dependencies = (
			);
			name = "hw3-fbpaper";
			productName = "hw3-fbpaper";
			productReference = 1D2C3D491954BCE5005CA00A /* hw3-fbpaper.app */;
			productType = "com.apple.product-type.application";
		};
		1D2C3D631954BCE5005CA00A /* hw3-fbpaperTests */ = {
			isa = PBXNativeTarget;
			buildConfigurationList = 1D2C3D781954BCE6005CA00A /* Build configuration list for PBXNativeTarget "hw3-fbpaperTests" */;
			buildPhases = (
				1D2C3D601954BCE5005CA00A /* Sources */,
				1D2C3D611954BCE5005CA00A /* Frameworks */,
				1D2C3D621954BCE5005CA00A /* Resources */,
			);
			buildRules = (
			);
			dependencies = (
				1D2C3D6A1954BCE5005CA00A /* PBXTargetDependency */,
			);
			name = "hw3-fbpaperTests";
			productName = "hw3-fbpaperTests";
			productReference = 1D2C3D641954BCE5005CA00A /* hw3-fbpaperTests.xctest */;
			productType = "com.apple.product-type.bundle.unit-test";
		};
/* End PBXNativeTarget section */

/* Begin PBXProject section */
		1D2C3D411954BCE5005CA00A /* Project object */ = {
			isa = PBXProject;
			attributes = {
				LastUpgradeCheck = 0510;
				ORGANIZATIONNAME = "Brian Kobashikawa";
				TargetAttributes = {
					1D2C3D631954BCE5005CA00A = {
						TestTargetID = 1D2C3D481954BCE5005CA00A;
					};
				};
			};
			buildConfigurationList = 1D2C3D441954BCE5005CA00A /* Build configuration list for PBXProject "hw3-fbpaper" */;
			compatibilityVersion = "Xcode 3.2";
			developmentRegion = English;
			hasScannedForEncodings = 0;
			knownRegions = (
				en,
			);
			mainGroup = 1D2C3D401954BCE5005CA00A;
			productRefGroup = 1D2C3D4A1954BCE5005CA00A /* Products */;
			projectDirPath = "";
			projectRoot = "";
			targets = (
				1D2C3D481954BCE5005CA00A /* hw3-fbpaper */,
				1D2C3D631954BCE5005CA00A /* hw3-fbpaperTests */,
			);
		};
/* End PBXProject section */

/* Begin PBXResourcesBuildPhase section */
		1D2C3D471954BCE5005CA00A /* Resources */ = {
			isa = PBXResourcesBuildPhase;
			buildActionMask = 2147483647;
			files = (
				1D2C3D571954BCE5005CA00A /* InfoPlist.strings in Resources */,
				1D2C3D7F1954BD3C005CA00A /* PaperViewController.xib in Resources */,
				1D2C3D5F1954BCE5005CA00A /* Images.xcassets in Resources */,
			);
			runOnlyForDeploymentPostprocessing = 0;
		};
		1D2C3D621954BCE5005CA00A /* Resources */ = {
			isa = PBXResourcesBuildPhase;
			buildActionMask = 2147483647;
			files = (
				1D2C3D701954BCE5005CA00A /* InfoPlist.strings in Resources */,
			);
			runOnlyForDeploymentPostprocessing = 0;
		};
/* End PBXResourcesBuildPhase section */

/* Begin PBXSourcesBuildPhase section */
		1D2C3D451954BCE5005CA00A /* Sources */ = {
			isa = PBXSourcesBuildPhase;
			buildActionMask = 2147483647;
			files = (
				1D2C3D7E1954BD3C005CA00A /* PaperViewController.m in Sources */,
				1D2C3D5D1954BCE5005CA00A /* AppDelegate.m in Sources */,
				1D2C3D591954BCE5005CA00A /* main.m in Sources */,
			);
			runOnlyForDeploymentPostprocessing = 0;
		};
		1D2C3D601954BCE5005CA00A /* Sources */ = {
			isa = PBXSourcesBuildPhase;
			buildActionMask = 2147483647;
			files = (
				1D2C3D721954BCE5005CA00A /* hw3_fbpaperTests.m in Sources */,
			);
			runOnlyForDeploymentPostprocessing = 0;
		};
/* End PBXSourcesBuildPhase section */

/* Begin PBXTargetDependency section */
		1D2C3D6A1954BCE5005CA00A /* PBXTargetDependency */ = {
			isa = PBXTargetDependency;
			target = 1D2C3D481954BCE5005CA00A /* hw3-fbpaper */;
			targetProxy = 1D2C3D691954BCE5005CA00A /* PBXContainerItemProxy */;
		};
/* End PBXTargetDependency section */

/* Begin PBXVariantGroup section */
		1D2C3D551954BCE5005CA00A /* InfoPlist.strings */ = {
			isa = PBXVariantGroup;
			children = (
				1D2C3D561954BCE5005CA00A /* en */,
			);
			name = InfoPlist.strings;
			sourceTree = "<group>";
		};
		1D2C3D6E1954BCE5005CA00A /* InfoPlist.strings */ = {
			isa = PBXVariantGroup;
			children = (
				1D2C3D6F1954BCE5005CA00A /* en */,
			);
			name = InfoPlist.strings;
			sourceTree = "<group>";
		};
/* End PBXVariantGroup section */

/* Begin XCBuildConfiguration section */
		1D2C3D731954BCE6005CA00A /* Debug */ = {
			isa = XCBuildConfiguration;
			buildSettings = {
				ALWAYS_SEARCH_USER_PATHS = NO;
				CLANG_CXX_LANGUAGE_STANDARD = "gnu++0x";
				CLANG_CXX_LIBRARY = "libc++";
				CLANG_ENABLE_MODULES = YES;
				CLANG_ENABLE_OBJC_ARC = YES;
				CLANG_WARN_BOOL_CONVERSION = YES;
				CLANG_WARN_CONSTANT_CONVERSION = YES;
				CLANG_WARN_DIRECT_OBJC_ISA_USAGE = YES_ERROR;
				CLANG_WARN_EMPTY_BODY = YES;
				CLANG_WARN_ENUM_CONVERSION = YES;
				CLANG_WARN_INT_CONVERSION = YES;
				CLANG_WARN_OBJC_ROOT_CLASS = YES_ERROR;
				CLANG_WARN__DUPLICATE_METHOD_MATCH = YES;
				"CODE_SIGN_IDENTITY[sdk=iphoneos*]" = "iPhone Developer";
				COPY_PHASE_STRIP = NO;
				GCC_C_LANGUAGE_STANDARD = gnu99;
				GCC_DYNAMIC_NO_PIC = NO;
				GCC_OPTIMIZATION_LEVEL = 0;
				GCC_PREPROCESSOR_DEFINITIONS = (
					"DEBUG=1",
					"$(inherited)",
				);
				GCC_SYMBOLS_PRIVATE_EXTERN = NO;
				GCC_WARN_64_TO_32_BIT_CONVERSION = YES;
				GCC_WARN_ABOUT_RETURN_TYPE = YES_ERROR;
				GCC_WARN_UNDECLARED_SELECTOR = YES;
				GCC_WARN_UNINITIALIZED_AUTOS = YES_AGGRESSIVE;
				GCC_WARN_UNUSED_FUNCTION = YES;
				GCC_WARN_UNUSED_VARIABLE = YES;
				IPHONEOS_DEPLOYMENT_TARGET = 7.1;
				ONLY_ACTIVE_ARCH = YES;
				SDKROOT = iphoneos;
			};
			name = Debug;
		};
		1D2C3D741954BCE6005CA00A /* Release */ = {
			isa = XCBuildConfiguration;
			buildSettings = {
				ALWAYS_SEARCH_USER_PATHS = NO;
				CLANG_CXX_LANGUAGE_STANDARD = "gnu++0x";
				CLANG_CXX_LIBRARY = "libc++";
				CLANG_ENABLE_MODULES = YES;
				CLANG_ENABLE_OBJC_ARC = YES;
				CLANG_WARN_BOOL_CONVERSION = YES;
				CLANG_WARN_CONSTANT_CONVERSION = YES;
				CLANG_WARN_DIRECT_OBJC_ISA_USAGE = YES_ERROR;
				CLANG_WARN_EMPTY_BODY = YES;
				CLANG_WARN_ENUM_CONVERSION = YES;
				CLANG_WARN_INT_CONVERSION = YES;
				CLANG_WARN_OBJC_ROOT_CLASS = YES_ERROR;
				CLANG_WARN__DUPLICATE_METHOD_MATCH = YES;
				"CODE_SIGN_IDENTITY[sdk=iphoneos*]" = "iPhone Developer";
				COPY_PHASE_STRIP = YES;
				ENABLE_NS_ASSERTIONS = NO;
				GCC_C_LANGUAGE_STANDARD = gnu99;
				GCC_WARN_64_TO_32_BIT_CONVERSION = YES;
				GCC_WARN_ABOUT_RETURN_TYPE = YES_ERROR;
				GCC_WARN_UNDECLARED_SELECTOR = YES;
				GCC_WARN_UNINITIALIZED_AUTOS = YES_AGGRESSIVE;
				GCC_WARN_UNUSED_FUNCTION = YES;
				GCC_WARN_UNUSED_VARIABLE = YES;
				IPHONEOS_DEPLOYMENT_TARGET = 7.1;
				SDKROOT = iphoneos;
				VALIDATE_PRODUCT = YES;
			};
			name = Release;
		};
		1D2C3D761954BCE6005CA00A /* Debug */ = {
			isa = XCBuildConfiguration;
			buildSettings = {
				ASSETCATALOG_COMPILER_APPICON_NAME = AppIcon;
				ASSETCATALOG_COMPILER_LAUNCHIMAGE_NAME = LaunchImage;
				GCC_PRECOMPILE_PREFIX_HEADER = YES;
				GCC_PREFIX_HEADER = "hw3-fbpaper/hw3-fbpaper-Prefix.pch";
				INFOPLIST_FILE = "hw3-fbpaper/hw3-fbpaper-Info.plist";
				PRODUCT_NAME = "$(TARGET_NAME)";
				WRAPPER_EXTENSION = app;
			};
			name = Debug;
		};
		1D2C3D771954BCE6005CA00A /* Release */ = {
			isa = XCBuildConfiguration;
			buildSettings = {
				ASSETCATALOG_COMPILER_APPICON_NAME = AppIcon;
				ASSETCATALOG_COMPILER_LAUNCHIMAGE_NAME = LaunchImage;
				GCC_PRECOMPILE_PREFIX_HEADER = YES;
				GCC_PREFIX_HEADER = "hw3-fbpaper/hw3-fbpaper-Prefix.pch";
				INFOPLIST_FILE = "hw3-fbpaper/hw3-fbpaper-Info.plist";
				PRODUCT_NAME = "$(TARGET_NAME)";
				WRAPPER_EXTENSION = app;
			};
			name = Release;
		};
		1D2C3D791954BCE6005CA00A /* Debug */ = {
			isa = XCBuildConfiguration;
			buildSettings = {
				BUNDLE_LOADER = "$(BUILT_PRODUCTS_DIR)/hw3-fbpaper.app/hw3-fbpaper";
				FRAMEWORK_SEARCH_PATHS = (
					"$(SDKROOT)/Developer/Library/Frameworks",
					"$(inherited)",
					"$(DEVELOPER_FRAMEWORKS_DIR)",
				);
				GCC_PRECOMPILE_PREFIX_HEADER = YES;
				GCC_PREFIX_HEADER = "hw3-fbpaper/hw3-fbpaper-Prefix.pch";
				GCC_PREPROCESSOR_DEFINITIONS = (
					"DEBUG=1",
					"$(inherited)",
				);
				INFOPLIST_FILE = "hw3-fbpaperTests/hw3-fbpaperTests-Info.plist";
				PRODUCT_NAME = "$(TARGET_NAME)";
				TEST_HOST = "$(BUNDLE_LOADER)";
				WRAPPER_EXTENSION = xctest;
			};
			name = Debug;
		};
		1D2C3D7A1954BCE6005CA00A /* Release */ = {
			isa = XCBuildConfiguration;
			buildSettings = {
				BUNDLE_LOADER = "$(BUILT_PRODUCTS_DIR)/hw3-fbpaper.app/hw3-fbpaper";
				FRAMEWORK_SEARCH_PATHS = (
					"$(SDKROOT)/Developer/Library/Frameworks",
					"$(inherited)",
					"$(DEVELOPER_FRAMEWORKS_DIR)",
				);
				GCC_PRECOMPILE_PREFIX_HEADER = YES;
				GCC_PREFIX_HEADER = "hw3-fbpaper/hw3-fbpaper-Prefix.pch";
				INFOPLIST_FILE = "hw3-fbpaperTests/hw3-fbpaperTests-Info.plist";
				PRODUCT_NAME = "$(TARGET_NAME)";
				TEST_HOST = "$(BUNDLE_LOADER)";
				WRAPPER_EXTENSION = xctest;
			};
			name = Release;
		};
/* End XCBuildConfiguration section */

/* Begin XCConfigurationList section */
		1D2C3D441954BCE5005CA00A /* Build configuration list for PBXProject "hw3-fbpaper" */ = {
			isa = XCConfigurationList;
			buildConfigurations = (
				1D2C3D731954BCE6005CA00A /* Debug */,
				1D2C3D741954BCE6005CA00A /* Release */,
			);
			defaultConfigurationIsVisible = 0;
			defaultConfigurationName = Release;
		};
		1D2C3D751954BCE6005CA00A /* Build configuration list for PBXNativeTarget "hw3-fbpaper" */ = {
			isa = XCConfigurationList;
			buildConfigurations = (
				1D2C3D761954BCE6005CA00A /* Debug */,
				1D2C3D771954BCE6005CA00A /* Release */,
			);
			defaultConfigurationIsVisible = 0;
		};
		1D2C3D781954BCE6005CA00A /* Build configuration list for PBXNativeTarget "hw3-fbpaperTests" */ = {
			isa = XCConfigurationList;
			buildConfigurations = (
				1D2C3D791954BCE6005CA00A /* Debug */,
				1D2C3D7A1954BCE6005CA00A /* Release */,
			);
			defaultConfigurationIsVisible = 0;
		};
/* End XCConfigurationList section */
	};
	rootObject = 1D2C3D411954BCE5005CA00A /* Project object */;
}
